// !$*UTF8*$!
{
	archiveVersion = 1;
	classes = {
	};
	objectVersion = 52;
	objects = {

/* Begin PBXBuildFile section */
		2D33E3AF25F4140600C59B54 /* AppliedLambdas.swift in Sources */ = {isa = PBXBuildFile; fileRef = 2D33E3AE25F4140600C59B54 /* AppliedLambdas.swift */; };
		2D33E3B525F416C300C59B54 /* Type.swift in Sources */ = {isa = PBXBuildFile; fileRef = 2DEAF89025EDC4890033CA28 /* Type.swift */; };
		2D33E3BC25F416EC00C59B54 /* Tagged in Frameworks */ = {isa = PBXBuildFile; productRef = 2D33E3BB25F416EC00C59B54 /* Tagged */; };
		2D33E3CC25F4174400C59B54 /* Unify.swift in Sources */ = {isa = PBXBuildFile; fileRef = 2DEAF88D25EDC4500033CA28 /* Unify.swift */; };
		2D33E3D225F4174700C59B54 /* Infer.swift in Sources */ = {isa = PBXBuildFile; fileRef = 2DEAF89E25EDC9080033CA28 /* Infer.swift */; };
		2D33E3DD25F4179800C59B54 /* EscapingClosures.swift in Sources */ = {isa = PBXBuildFile; fileRef = 2D84747025F3D14C005E035E /* EscapingClosures.swift */; };
		2D33E3E425F4537400C59B54 /* FindFree.swift in Sources */ = {isa = PBXBuildFile; fileRef = 2D33E3E325F4537400C59B54 /* FindFree.swift */; };
		2D84738C25F199C5005E035E /* StackVM.framework in Frameworks */ = {isa = PBXBuildFile; fileRef = 2D84738325F199C4005E035E /* StackVM.framework */; };
		2D84739125F199C5005E035E /* StackVMTests.swift in Sources */ = {isa = PBXBuildFile; fileRef = 2D84739025F199C5005E035E /* StackVMTests.swift */; };
		2D84739325F199C5005E035E /* StackVM.h in Headers */ = {isa = PBXBuildFile; fileRef = 2D84738525F199C4005E035E /* StackVM.h */; settings = {ATTRIBUTES = (Public, ); }; };
		2D84739D25F199CE005E035E /* Value.swift in Sources */ = {isa = PBXBuildFile; fileRef = 2DEAF87F25EDC3760033CA28 /* Value.swift */; };
		2D84739E25F199CE005E035E /* VM.swift in Sources */ = {isa = PBXBuildFile; fileRef = 2DEAF89625EDC6830033CA28 /* VM.swift */; };
		2D84739F25F199CE005E035E /* Inst.swift in Sources */ = {isa = PBXBuildFile; fileRef = 2DEAF89325EDC61A0033CA28 /* Inst.swift */; };
		2D8473A025F199CE005E035E /* Stack.swift in Sources */ = {isa = PBXBuildFile; fileRef = 2DEAF89925EDC6A20033CA28 /* Stack.swift */; };
		2D8473A125F199CE005E035E /* Compiler.swift in Sources */ = {isa = PBXBuildFile; fileRef = 2DEAF87C25EDC3660033CA28 /* Compiler.swift */; };
		2D8473A925F199EB005E035E /* StackVM.framework in Frameworks */ = {isa = PBXBuildFile; fileRef = 2D84738325F199C4005E035E /* StackVM.framework */; };
		2D8473AA25F199EB005E035E /* StackVM.framework in Embed Frameworks */ = {isa = PBXBuildFile; fileRef = 2D84738325F199C4005E035E /* StackVM.framework */; settings = {ATTRIBUTES = (CodeSignOnCopy, RemoveHeadersOnCopy, ); }; };
		2D8473BE25F19A2D005E035E /* Expression.framework in Frameworks */ = {isa = PBXBuildFile; fileRef = 2D8473B525F19A2D005E035E /* Expression.framework */; };
		2D8473C325F19A2D005E035E /* ExpressionTests.swift in Sources */ = {isa = PBXBuildFile; fileRef = 2D8473C225F19A2D005E035E /* ExpressionTests.swift */; };
		2D8473C525F19A2D005E035E /* Expression.h in Headers */ = {isa = PBXBuildFile; fileRef = 2D8473B725F19A2D005E035E /* Expression.h */; settings = {ATTRIBUTES = (Public, ); }; };
		2D8473D025F19A3B005E035E /* Tokenizer.swift in Sources */ = {isa = PBXBuildFile; fileRef = 2DEAF88725EDC42E0033CA28 /* Tokenizer.swift */; };
		2D8473D125F19A3B005E035E /* Parser.swift in Sources */ = {isa = PBXBuildFile; fileRef = 2DEAF88A25EDC4350033CA28 /* Parser.swift */; };
		2D8473D225F19A3B005E035E /* Expr.swift in Sources */ = {isa = PBXBuildFile; fileRef = 2DEAF87825EDC31A0033CA28 /* Expr.swift */; };
		2D8473DB25F19A46005E035E /* Expression.framework in Frameworks */ = {isa = PBXBuildFile; fileRef = 2D8473B525F19A2D005E035E /* Expression.framework */; };
		2D8473DC25F19A46005E035E /* Expression.framework in Embed Frameworks */ = {isa = PBXBuildFile; fileRef = 2D8473B525F19A2D005E035E /* Expression.framework */; settings = {ATTRIBUTES = (CodeSignOnCopy, RemoveHeadersOnCopy, ); }; };
		2D8473F725F19C96005E035E /* ExpressionVM.framework in Frameworks */ = {isa = PBXBuildFile; fileRef = 2D8473EE25F19C96005E035E /* ExpressionVM.framework */; };
		2D8473FC25F19C96005E035E /* ExpressionVMTests.swift in Sources */ = {isa = PBXBuildFile; fileRef = 2D8473FB25F19C96005E035E /* ExpressionVMTests.swift */; };
		2D8473FE25F19C96005E035E /* ExpressionVM.h in Headers */ = {isa = PBXBuildFile; fileRef = 2D8473F025F19C96005E035E /* ExpressionVM.h */; settings = {ATTRIBUTES = (Public, ); }; };
		2D84740B25F19CA4005E035E /* ExprVM.swift in Sources */ = {isa = PBXBuildFile; fileRef = 2D84740A25F19CA4005E035E /* ExprVM.swift */; };
		2D84741125F19CD7005E035E /* Expression.framework in Frameworks */ = {isa = PBXBuildFile; fileRef = 2D8473B525F19A2D005E035E /* Expression.framework */; };
		2D84741225F19CD7005E035E /* Expression.framework in Embed Frameworks */ = {isa = PBXBuildFile; fileRef = 2D8473B525F19A2D005E035E /* Expression.framework */; settings = {ATTRIBUTES = (CodeSignOnCopy, RemoveHeadersOnCopy, ); }; };
		2D84741525F19CD7005E035E /* ExpressionVM.framework in Frameworks */ = {isa = PBXBuildFile; fileRef = 2D8473EE25F19C96005E035E /* ExpressionVM.framework */; };
		2D84741625F19CD7005E035E /* ExpressionVM.framework in Embed Frameworks */ = {isa = PBXBuildFile; fileRef = 2D8473EE25F19C96005E035E /* ExpressionVM.framework */; settings = {ATTRIBUTES = (CodeSignOnCopy, RemoveHeadersOnCopy, ); }; };
		2D84741E25F19CE1005E035E /* Expression.framework in Frameworks */ = {isa = PBXBuildFile; fileRef = 2D8473B525F19A2D005E035E /* Expression.framework */; };
		2D84741F25F19CE1005E035E /* Expression.framework in Embed Frameworks */ = {isa = PBXBuildFile; fileRef = 2D8473B525F19A2D005E035E /* Expression.framework */; settings = {ATTRIBUTES = (CodeSignOnCopy, RemoveHeadersOnCopy, ); }; };
		2D84742825F2888D005E035E /* TailCall.swift in Sources */ = {isa = PBXBuildFile; fileRef = 2D84742725F2888D005E035E /* TailCall.swift */; };
		2D84743B25F30420005E035E /* ForthVM.framework in Frameworks */ = {isa = PBXBuildFile; fileRef = 2D84743225F30420005E035E /* ForthVM.framework */; };
		2D84744025F30420005E035E /* ForthVMTests.swift in Sources */ = {isa = PBXBuildFile; fileRef = 2D84743F25F30420005E035E /* ForthVMTests.swift */; };
		2D84744225F30420005E035E /* ForthVM.h in Headers */ = {isa = PBXBuildFile; fileRef = 2D84743425F30420005E035E /* ForthVM.h */; settings = {ATTRIBUTES = (Public, ); }; };
		2D84744F25F30429005E035E /* Expression.framework in Frameworks */ = {isa = PBXBuildFile; fileRef = 2D8473B525F19A2D005E035E /* Expression.framework */; };
		2D84745025F30429005E035E /* Expression.framework in Embed Frameworks */ = {isa = PBXBuildFile; fileRef = 2D8473B525F19A2D005E035E /* Expression.framework */; settings = {ATTRIBUTES = (CodeSignOnCopy, RemoveHeadersOnCopy, ); }; };
		2D84745A25F3043E005E035E /* ForthVM.swift in Sources */ = {isa = PBXBuildFile; fileRef = 2D84745925F3043E005E035E /* ForthVM.swift */; };
		2D84746A25F3D110005E035E /* Compiler.swift in Sources */ = {isa = PBXBuildFile; fileRef = 2D84746925F3D110005E035E /* Compiler.swift */; };
		2D84747825F3D1AC005E035E /* Rename.swift in Sources */ = {isa = PBXBuildFile; fileRef = 2D84747725F3D1AC005E035E /* Rename.swift */; };
		2DEAF87125EDC2E80033CA28 /* main.swift in Sources */ = {isa = PBXBuildFile; fileRef = 2DEAF87025EDC2E80033CA28 /* main.swift */; };
/* End PBXBuildFile section */

/* Begin PBXContainerItemProxy section */
		2D84738D25F199C5005E035E /* PBXContainerItemProxy */ = {
			isa = PBXContainerItemProxy;
			containerPortal = 2DEAF86525EDC2E80033CA28 /* Project object */;
			proxyType = 1;
			remoteGlobalIDString = 2D84738225F199C4005E035E;
			remoteInfo = StackVM;
		};
		2D8473AB25F199EB005E035E /* PBXContainerItemProxy */ = {
			isa = PBXContainerItemProxy;
			containerPortal = 2DEAF86525EDC2E80033CA28 /* Project object */;
			proxyType = 1;
			remoteGlobalIDString = 2D84738225F199C4005E035E;
			remoteInfo = StackVM;
		};
		2D8473BF25F19A2D005E035E /* PBXContainerItemProxy */ = {
			isa = PBXContainerItemProxy;
			containerPortal = 2DEAF86525EDC2E80033CA28 /* Project object */;
			proxyType = 1;
			remoteGlobalIDString = 2D8473B425F19A2D005E035E;
			remoteInfo = Expression;
		};
		2D8473DD25F19A46005E035E /* PBXContainerItemProxy */ = {
			isa = PBXContainerItemProxy;
			containerPortal = 2DEAF86525EDC2E80033CA28 /* Project object */;
			proxyType = 1;
			remoteGlobalIDString = 2D8473B425F19A2D005E035E;
			remoteInfo = Expression;
		};
		2D8473F825F19C96005E035E /* PBXContainerItemProxy */ = {
			isa = PBXContainerItemProxy;
			containerPortal = 2DEAF86525EDC2E80033CA28 /* Project object */;
			proxyType = 1;
			remoteGlobalIDString = 2D8473ED25F19C96005E035E;
			remoteInfo = ExpressionVM;
		};
		2D84741325F19CD7005E035E /* PBXContainerItemProxy */ = {
			isa = PBXContainerItemProxy;
			containerPortal = 2DEAF86525EDC2E80033CA28 /* Project object */;
			proxyType = 1;
			remoteGlobalIDString = 2D8473B425F19A2D005E035E;
			remoteInfo = Expression;
		};
		2D84741725F19CD7005E035E /* PBXContainerItemProxy */ = {
			isa = PBXContainerItemProxy;
			containerPortal = 2DEAF86525EDC2E80033CA28 /* Project object */;
			proxyType = 1;
			remoteGlobalIDString = 2D8473ED25F19C96005E035E;
			remoteInfo = ExpressionVM;
		};
		2D84742025F19CE1005E035E /* PBXContainerItemProxy */ = {
			isa = PBXContainerItemProxy;
			containerPortal = 2DEAF86525EDC2E80033CA28 /* Project object */;
			proxyType = 1;
			remoteGlobalIDString = 2D8473B425F19A2D005E035E;
			remoteInfo = Expression;
		};
		2D84743C25F30420005E035E /* PBXContainerItemProxy */ = {
			isa = PBXContainerItemProxy;
			containerPortal = 2DEAF86525EDC2E80033CA28 /* Project object */;
			proxyType = 1;
			remoteGlobalIDString = 2D84743125F30420005E035E;
			remoteInfo = ForthVM;
		};
		2D84745125F30429005E035E /* PBXContainerItemProxy */ = {
			isa = PBXContainerItemProxy;
			containerPortal = 2DEAF86525EDC2E80033CA28 /* Project object */;
			proxyType = 1;
			remoteGlobalIDString = 2D8473B425F19A2D005E035E;
			remoteInfo = Expression;
		};
/* End PBXContainerItemProxy section */

/* Begin PBXCopyFilesBuildPhase section */
		2D8473AD25F199EB005E035E /* Embed Frameworks */ = {
			isa = PBXCopyFilesBuildPhase;
			buildActionMask = 2147483647;
			dstPath = "";
			dstSubfolderSpec = 10;
			files = (
				2D84741625F19CD7005E035E /* ExpressionVM.framework in Embed Frameworks */,
				2D84741225F19CD7005E035E /* Expression.framework in Embed Frameworks */,
				2D8473AA25F199EB005E035E /* StackVM.framework in Embed Frameworks */,
			);
			name = "Embed Frameworks";
			runOnlyForDeploymentPostprocessing = 0;
		};
		2D8473DF25F19A46005E035E /* Embed Frameworks */ = {
			isa = PBXCopyFilesBuildPhase;
			buildActionMask = 2147483647;
			dstPath = "";
			dstSubfolderSpec = 10;
			files = (
				2D8473DC25F19A46005E035E /* Expression.framework in Embed Frameworks */,
			);
			name = "Embed Frameworks";
			runOnlyForDeploymentPostprocessing = 0;
		};
		2D84742225F19CE1005E035E /* Embed Frameworks */ = {
			isa = PBXCopyFilesBuildPhase;
			buildActionMask = 2147483647;
			dstPath = "";
			dstSubfolderSpec = 10;
			files = (
				2D84741F25F19CE1005E035E /* Expression.framework in Embed Frameworks */,
			);
			name = "Embed Frameworks";
			runOnlyForDeploymentPostprocessing = 0;
		};
		2D84745325F30429005E035E /* Embed Frameworks */ = {
			isa = PBXCopyFilesBuildPhase;
			buildActionMask = 2147483647;
			dstPath = "";
			dstSubfolderSpec = 10;
			files = (
				2D84745025F30429005E035E /* Expression.framework in Embed Frameworks */,
			);
			name = "Embed Frameworks";
			runOnlyForDeploymentPostprocessing = 0;
		};
		2DEAF86B25EDC2E80033CA28 /* CopyFiles */ = {
			isa = PBXCopyFilesBuildPhase;
			buildActionMask = 2147483647;
			dstPath = /usr/share/man/man1/;
			dstSubfolderSpec = 0;
			files = (
			);
			runOnlyForDeploymentPostprocessing = 1;
		};
/* End PBXCopyFilesBuildPhase section */

/* Begin PBXFileReference section */
		2D33E3AE25F4140600C59B54 /* AppliedLambdas.swift */ = {isa = PBXFileReference; lastKnownFileType = sourcecode.swift; path = AppliedLambdas.swift; sourceTree = "<group>"; };
		2D33E3E325F4537400C59B54 /* FindFree.swift */ = {isa = PBXFileReference; lastKnownFileType = sourcecode.swift; path = FindFree.swift; sourceTree = "<group>"; };
		2D84738325F199C4005E035E /* StackVM.framework */ = {isa = PBXFileReference; explicitFileType = wrapper.framework; includeInIndex = 0; path = StackVM.framework; sourceTree = BUILT_PRODUCTS_DIR; };
		2D84738525F199C4005E035E /* StackVM.h */ = {isa = PBXFileReference; lastKnownFileType = sourcecode.c.h; path = StackVM.h; sourceTree = "<group>"; };
		2D84738625F199C4005E035E /* Info.plist */ = {isa = PBXFileReference; lastKnownFileType = text.plist.xml; path = Info.plist; sourceTree = "<group>"; };
		2D84738B25F199C5005E035E /* StackVMTests.xctest */ = {isa = PBXFileReference; explicitFileType = wrapper.cfbundle; includeInIndex = 0; path = StackVMTests.xctest; sourceTree = BUILT_PRODUCTS_DIR; };
		2D84739025F199C5005E035E /* StackVMTests.swift */ = {isa = PBXFileReference; lastKnownFileType = sourcecode.swift; path = StackVMTests.swift; sourceTree = "<group>"; };
		2D84739225F199C5005E035E /* Info.plist */ = {isa = PBXFileReference; lastKnownFileType = text.plist.xml; path = Info.plist; sourceTree = "<group>"; };
		2D8473B525F19A2D005E035E /* Expression.framework */ = {isa = PBXFileReference; explicitFileType = wrapper.framework; includeInIndex = 0; path = Expression.framework; sourceTree = BUILT_PRODUCTS_DIR; };
		2D8473B725F19A2D005E035E /* Expression.h */ = {isa = PBXFileReference; lastKnownFileType = sourcecode.c.h; path = Expression.h; sourceTree = "<group>"; };
		2D8473B825F19A2D005E035E /* Info.plist */ = {isa = PBXFileReference; lastKnownFileType = text.plist.xml; path = Info.plist; sourceTree = "<group>"; };
		2D8473BD25F19A2D005E035E /* ExpressionTests.xctest */ = {isa = PBXFileReference; explicitFileType = wrapper.cfbundle; includeInIndex = 0; path = ExpressionTests.xctest; sourceTree = BUILT_PRODUCTS_DIR; };
		2D8473C225F19A2D005E035E /* ExpressionTests.swift */ = {isa = PBXFileReference; lastKnownFileType = sourcecode.swift; path = ExpressionTests.swift; sourceTree = "<group>"; };
		2D8473C425F19A2D005E035E /* Info.plist */ = {isa = PBXFileReference; lastKnownFileType = text.plist.xml; path = Info.plist; sourceTree = "<group>"; };
		2D8473EE25F19C96005E035E /* ExpressionVM.framework */ = {isa = PBXFileReference; explicitFileType = wrapper.framework; includeInIndex = 0; path = ExpressionVM.framework; sourceTree = BUILT_PRODUCTS_DIR; };
		2D8473F025F19C96005E035E /* ExpressionVM.h */ = {isa = PBXFileReference; lastKnownFileType = sourcecode.c.h; path = ExpressionVM.h; sourceTree = "<group>"; };
		2D8473F125F19C96005E035E /* Info.plist */ = {isa = PBXFileReference; lastKnownFileType = text.plist.xml; path = Info.plist; sourceTree = "<group>"; };
		2D8473F625F19C96005E035E /* ExpressionVMTests.xctest */ = {isa = PBXFileReference; explicitFileType = wrapper.cfbundle; includeInIndex = 0; path = ExpressionVMTests.xctest; sourceTree = BUILT_PRODUCTS_DIR; };
		2D8473FB25F19C96005E035E /* ExpressionVMTests.swift */ = {isa = PBXFileReference; lastKnownFileType = sourcecode.swift; path = ExpressionVMTests.swift; sourceTree = "<group>"; };
		2D8473FD25F19C96005E035E /* Info.plist */ = {isa = PBXFileReference; lastKnownFileType = text.plist.xml; path = Info.plist; sourceTree = "<group>"; };
		2D84740A25F19CA4005E035E /* ExprVM.swift */ = {isa = PBXFileReference; lastKnownFileType = sourcecode.swift; path = ExprVM.swift; sourceTree = "<group>"; };
		2D84742725F2888D005E035E /* TailCall.swift */ = {isa = PBXFileReference; lastKnownFileType = sourcecode.swift; path = TailCall.swift; sourceTree = "<group>"; };
		2D84743225F30420005E035E /* ForthVM.framework */ = {isa = PBXFileReference; explicitFileType = wrapper.framework; includeInIndex = 0; path = ForthVM.framework; sourceTree = BUILT_PRODUCTS_DIR; };
		2D84743425F30420005E035E /* ForthVM.h */ = {isa = PBXFileReference; lastKnownFileType = sourcecode.c.h; path = ForthVM.h; sourceTree = "<group>"; };
		2D84743525F30420005E035E /* Info.plist */ = {isa = PBXFileReference; lastKnownFileType = text.plist.xml; path = Info.plist; sourceTree = "<group>"; };
		2D84743A25F30420005E035E /* ForthVMTests.xctest */ = {isa = PBXFileReference; explicitFileType = wrapper.cfbundle; includeInIndex = 0; path = ForthVMTests.xctest; sourceTree = BUILT_PRODUCTS_DIR; };
		2D84743F25F30420005E035E /* ForthVMTests.swift */ = {isa = PBXFileReference; lastKnownFileType = sourcecode.swift; path = ForthVMTests.swift; sourceTree = "<group>"; };
		2D84744125F30420005E035E /* Info.plist */ = {isa = PBXFileReference; lastKnownFileType = text.plist.xml; path = Info.plist; sourceTree = "<group>"; };
		2D84745925F3043E005E035E /* ForthVM.swift */ = {isa = PBXFileReference; lastKnownFileType = sourcecode.swift; path = ForthVM.swift; sourceTree = "<group>"; };
		2D84746925F3D110005E035E /* Compiler.swift */ = {isa = PBXFileReference; lastKnownFileType = sourcecode.swift; path = Compiler.swift; sourceTree = "<group>"; };
		2D84747025F3D14C005E035E /* EscapingClosures.swift */ = {isa = PBXFileReference; lastKnownFileType = sourcecode.swift; path = EscapingClosures.swift; sourceTree = "<group>"; };
		2D84747725F3D1AC005E035E /* Rename.swift */ = {isa = PBXFileReference; lastKnownFileType = sourcecode.swift; path = Rename.swift; sourceTree = "<group>"; };
		2DEAF86D25EDC2E80033CA28 /* MBL */ = {isa = PBXFileReference; explicitFileType = "compiled.mach-o.executable"; includeInIndex = 0; path = MBL; sourceTree = BUILT_PRODUCTS_DIR; };
		2DEAF87025EDC2E80033CA28 /* main.swift */ = {isa = PBXFileReference; lastKnownFileType = sourcecode.swift; path = main.swift; sourceTree = "<group>"; };
		2DEAF87825EDC31A0033CA28 /* Expr.swift */ = {isa = PBXFileReference; lastKnownFileType = sourcecode.swift; path = Expr.swift; sourceTree = "<group>"; };
		2DEAF87C25EDC3660033CA28 /* Compiler.swift */ = {isa = PBXFileReference; lastKnownFileType = sourcecode.swift; path = Compiler.swift; sourceTree = "<group>"; };
		2DEAF87F25EDC3760033CA28 /* Value.swift */ = {isa = PBXFileReference; lastKnownFileType = sourcecode.swift; path = Value.swift; sourceTree = "<group>"; };
		2DEAF88725EDC42E0033CA28 /* Tokenizer.swift */ = {isa = PBXFileReference; lastKnownFileType = sourcecode.swift; path = Tokenizer.swift; sourceTree = "<group>"; };
		2DEAF88A25EDC4350033CA28 /* Parser.swift */ = {isa = PBXFileReference; lastKnownFileType = sourcecode.swift; path = Parser.swift; sourceTree = "<group>"; };
		2DEAF88D25EDC4500033CA28 /* Unify.swift */ = {isa = PBXFileReference; lastKnownFileType = sourcecode.swift; path = Unify.swift; sourceTree = "<group>"; };
		2DEAF89025EDC4890033CA28 /* Type.swift */ = {isa = PBXFileReference; lastKnownFileType = sourcecode.swift; path = Type.swift; sourceTree = "<group>"; };
		2DEAF89325EDC61A0033CA28 /* Inst.swift */ = {isa = PBXFileReference; lastKnownFileType = sourcecode.swift; path = Inst.swift; sourceTree = "<group>"; };
		2DEAF89625EDC6830033CA28 /* VM.swift */ = {isa = PBXFileReference; lastKnownFileType = sourcecode.swift; path = VM.swift; sourceTree = "<group>"; };
		2DEAF89925EDC6A20033CA28 /* Stack.swift */ = {isa = PBXFileReference; lastKnownFileType = sourcecode.swift; path = Stack.swift; sourceTree = "<group>"; };
		2DEAF89E25EDC9080033CA28 /* Infer.swift */ = {isa = PBXFileReference; lastKnownFileType = sourcecode.swift; path = Infer.swift; sourceTree = "<group>"; };
/* End PBXFileReference section */

/* Begin PBXFrameworksBuildPhase section */
		2D84738025F199C4005E035E /* Frameworks */ = {
			isa = PBXFrameworksBuildPhase;
			buildActionMask = 2147483647;
			files = (
				2D8473DB25F19A46005E035E /* Expression.framework in Frameworks */,
			);
			runOnlyForDeploymentPostprocessing = 0;
		};
		2D84738825F199C5005E035E /* Frameworks */ = {
			isa = PBXFrameworksBuildPhase;
			buildActionMask = 2147483647;
			files = (
				2D84738C25F199C5005E035E /* StackVM.framework in Frameworks */,
			);
			runOnlyForDeploymentPostprocessing = 0;
		};
		2D8473B225F19A2D005E035E /* Frameworks */ = {
			isa = PBXFrameworksBuildPhase;
			buildActionMask = 2147483647;
			files = (
				2D33E3BC25F416EC00C59B54 /* Tagged in Frameworks */,
			);
			runOnlyForDeploymentPostprocessing = 0;
		};
		2D8473BA25F19A2D005E035E /* Frameworks */ = {
			isa = PBXFrameworksBuildPhase;
			buildActionMask = 2147483647;
			files = (
				2D8473BE25F19A2D005E035E /* Expression.framework in Frameworks */,
			);
			runOnlyForDeploymentPostprocessing = 0;
		};
		2D8473EB25F19C96005E035E /* Frameworks */ = {
			isa = PBXFrameworksBuildPhase;
			buildActionMask = 2147483647;
			files = (
				2D84741E25F19CE1005E035E /* Expression.framework in Frameworks */,
			);
			runOnlyForDeploymentPostprocessing = 0;
		};
		2D8473F325F19C96005E035E /* Frameworks */ = {
			isa = PBXFrameworksBuildPhase;
			buildActionMask = 2147483647;
			files = (
				2D8473F725F19C96005E035E /* ExpressionVM.framework in Frameworks */,
			);
			runOnlyForDeploymentPostprocessing = 0;
		};
		2D84742F25F30420005E035E /* Frameworks */ = {
			isa = PBXFrameworksBuildPhase;
			buildActionMask = 2147483647;
			files = (
				2D84744F25F30429005E035E /* Expression.framework in Frameworks */,
			);
			runOnlyForDeploymentPostprocessing = 0;
		};
		2D84743725F30420005E035E /* Frameworks */ = {
			isa = PBXFrameworksBuildPhase;
			buildActionMask = 2147483647;
			files = (
				2D84743B25F30420005E035E /* ForthVM.framework in Frameworks */,
			);
			runOnlyForDeploymentPostprocessing = 0;
		};
		2DEAF86A25EDC2E80033CA28 /* Frameworks */ = {
			isa = PBXFrameworksBuildPhase;
			buildActionMask = 2147483647;
			files = (
				2D84741125F19CD7005E035E /* Expression.framework in Frameworks */,
				2D84741525F19CD7005E035E /* ExpressionVM.framework in Frameworks */,
				2D8473A925F199EB005E035E /* StackVM.framework in Frameworks */,
			);
			runOnlyForDeploymentPostprocessing = 0;
		};
/* End PBXFrameworksBuildPhase section */

/* Begin PBXGroup section */
		2D84738425F199C4005E035E /* StackVM */ = {
			isa = PBXGroup;
			children = (
				2DEAF87F25EDC3760033CA28 /* Value.swift */,
				2DEAF89925EDC6A20033CA28 /* Stack.swift */,
				2DEAF87C25EDC3660033CA28 /* Compiler.swift */,
				2DEAF89325EDC61A0033CA28 /* Inst.swift */,
				2DEAF89625EDC6830033CA28 /* VM.swift */,
				2D84738525F199C4005E035E /* StackVM.h */,
				2D84738625F199C4005E035E /* Info.plist */,
			);
			path = StackVM;
			sourceTree = "<group>";
		};
		2D84738F25F199C5005E035E /* StackVMTests */ = {
			isa = PBXGroup;
			children = (
				2D84739025F199C5005E035E /* StackVMTests.swift */,
				2D84739225F199C5005E035E /* Info.plist */,
			);
			path = StackVMTests;
			sourceTree = "<group>";
		};
		2D8473A825F199EB005E035E /* Frameworks */ = {
			isa = PBXGroup;
			children = (
			);
			name = Frameworks;
			sourceTree = "<group>";
		};
		2D8473B625F19A2D005E035E /* Expression */ = {
			isa = PBXGroup;
			children = (
				2DEAF89D25EDC8FB0033CA28 /* Inference */,
				2DEAF89025EDC4890033CA28 /* Type.swift */,
				2DEAF87825EDC31A0033CA28 /* Expr.swift */,
				2D84747725F3D1AC005E035E /* Rename.swift */,
				2D33E3E325F4537400C59B54 /* FindFree.swift */,
				2D84747025F3D14C005E035E /* EscapingClosures.swift */,
				2D33E3AE25F4140600C59B54 /* AppliedLambdas.swift */,
				2D84742725F2888D005E035E /* TailCall.swift */,
				2DEAF88725EDC42E0033CA28 /* Tokenizer.swift */,
				2DEAF88A25EDC4350033CA28 /* Parser.swift */,
				2D8473B725F19A2D005E035E /* Expression.h */,
				2D8473B825F19A2D005E035E /* Info.plist */,
			);
			path = Expression;
			sourceTree = "<group>";
		};
		2D8473C125F19A2D005E035E /* ExpressionTests */ = {
			isa = PBXGroup;
			children = (
				2D8473C225F19A2D005E035E /* ExpressionTests.swift */,
				2D8473C425F19A2D005E035E /* Info.plist */,
			);
			path = ExpressionTests;
			sourceTree = "<group>";
		};
		2D8473EF25F19C96005E035E /* ExpressionVM */ = {
			isa = PBXGroup;
			children = (
				2D8473F025F19C96005E035E /* ExpressionVM.h */,
				2D8473F125F19C96005E035E /* Info.plist */,
				2D84740A25F19CA4005E035E /* ExprVM.swift */,
			);
			path = ExpressionVM;
			sourceTree = "<group>";
		};
		2D8473FA25F19C96005E035E /* ExpressionVMTests */ = {
			isa = PBXGroup;
			children = (
				2D8473FB25F19C96005E035E /* ExpressionVMTests.swift */,
				2D8473FD25F19C96005E035E /* Info.plist */,
			);
			path = ExpressionVMTests;
			sourceTree = "<group>";
		};
		2D84743325F30420005E035E /* ForthVM */ = {
			isa = PBXGroup;
			children = (
				2D84743425F30420005E035E /* ForthVM.h */,
				2D84745925F3043E005E035E /* ForthVM.swift */,
				2D84746925F3D110005E035E /* Compiler.swift */,
				2D84743525F30420005E035E /* Info.plist */,
			);
			path = ForthVM;
			sourceTree = "<group>";
		};
		2D84743E25F30420005E035E /* ForthVMTests */ = {
			isa = PBXGroup;
			children = (
				2D84743F25F30420005E035E /* ForthVMTests.swift */,
				2D84744125F30420005E035E /* Info.plist */,
			);
			path = ForthVMTests;
			sourceTree = "<group>";
		};
		2DEAF86425EDC2E80033CA28 = {
			isa = PBXGroup;
			children = (
				2DEAF86F25EDC2E80033CA28 /* MBL */,
				2D84738425F199C4005E035E /* StackVM */,
				2D84738F25F199C5005E035E /* StackVMTests */,
				2D8473B625F19A2D005E035E /* Expression */,
				2D8473C125F19A2D005E035E /* ExpressionTests */,
				2D8473EF25F19C96005E035E /* ExpressionVM */,
				2D8473FA25F19C96005E035E /* ExpressionVMTests */,
				2D84743325F30420005E035E /* ForthVM */,
				2D84743E25F30420005E035E /* ForthVMTests */,
				2DEAF86E25EDC2E80033CA28 /* Products */,
				2D8473A825F199EB005E035E /* Frameworks */,
			);
			sourceTree = "<group>";
		};
		2DEAF86E25EDC2E80033CA28 /* Products */ = {
			isa = PBXGroup;
			children = (
				2DEAF86D25EDC2E80033CA28 /* MBL */,
				2D84738325F199C4005E035E /* StackVM.framework */,
				2D84738B25F199C5005E035E /* StackVMTests.xctest */,
				2D8473B525F19A2D005E035E /* Expression.framework */,
				2D8473BD25F19A2D005E035E /* ExpressionTests.xctest */,
				2D8473EE25F19C96005E035E /* ExpressionVM.framework */,
				2D8473F625F19C96005E035E /* ExpressionVMTests.xctest */,
				2D84743225F30420005E035E /* ForthVM.framework */,
				2D84743A25F30420005E035E /* ForthVMTests.xctest */,
			);
			name = Products;
			sourceTree = "<group>";
		};
		2DEAF86F25EDC2E80033CA28 /* MBL */ = {
			isa = PBXGroup;
			children = (
				2DEAF87025EDC2E80033CA28 /* main.swift */,
			);
			path = MBL;
			sourceTree = "<group>";
		};
		2DEAF89D25EDC8FB0033CA28 /* Inference */ = {
			isa = PBXGroup;
			children = (
				2DEAF88D25EDC4500033CA28 /* Unify.swift */,
				2DEAF89E25EDC9080033CA28 /* Infer.swift */,
			);
			path = Inference;
			sourceTree = "<group>";
		};
/* End PBXGroup section */

/* Begin PBXHeadersBuildPhase section */
		2D84737E25F199C4005E035E /* Headers */ = {
			isa = PBXHeadersBuildPhase;
			buildActionMask = 2147483647;
			files = (
				2D84739325F199C5005E035E /* StackVM.h in Headers */,
			);
			runOnlyForDeploymentPostprocessing = 0;
		};
		2D8473B025F19A2D005E035E /* Headers */ = {
			isa = PBXHeadersBuildPhase;
			buildActionMask = 2147483647;
			files = (
				2D8473C525F19A2D005E035E /* Expression.h in Headers */,
			);
			runOnlyForDeploymentPostprocessing = 0;
		};
		2D8473E925F19C96005E035E /* Headers */ = {
			isa = PBXHeadersBuildPhase;
			buildActionMask = 2147483647;
			files = (
				2D8473FE25F19C96005E035E /* ExpressionVM.h in Headers */,
			);
			runOnlyForDeploymentPostprocessing = 0;
		};
		2D84742D25F30420005E035E /* Headers */ = {
			isa = PBXHeadersBuildPhase;
			buildActionMask = 2147483647;
			files = (
				2D84744225F30420005E035E /* ForthVM.h in Headers */,
			);
			runOnlyForDeploymentPostprocessing = 0;
		};
/* End PBXHeadersBuildPhase section */

/* Begin PBXNativeTarget section */
		2D84738225F199C4005E035E /* StackVM */ = {
			isa = PBXNativeTarget;
			buildConfigurationList = 2D84739425F199C5005E035E /* Build configuration list for PBXNativeTarget "StackVM" */;
			buildPhases = (
				2D84737E25F199C4005E035E /* Headers */,
				2D84737F25F199C4005E035E /* Sources */,
				2D84738025F199C4005E035E /* Frameworks */,
				2D84738125F199C4005E035E /* Resources */,
				2D8473DF25F19A46005E035E /* Embed Frameworks */,
			);
			buildRules = (
			);
			dependencies = (
				2D8473DE25F19A46005E035E /* PBXTargetDependency */,
			);
			name = StackVM;
			productName = StackVM;
			productReference = 2D84738325F199C4005E035E /* StackVM.framework */;
			productType = "com.apple.product-type.framework";
		};
		2D84738A25F199C5005E035E /* StackVMTests */ = {
			isa = PBXNativeTarget;
			buildConfigurationList = 2D84739725F199C5005E035E /* Build configuration list for PBXNativeTarget "StackVMTests" */;
			buildPhases = (
				2D84738725F199C5005E035E /* Sources */,
				2D84738825F199C5005E035E /* Frameworks */,
				2D84738925F199C5005E035E /* Resources */,
			);
			buildRules = (
			);
			dependencies = (
				2D84738E25F199C5005E035E /* PBXTargetDependency */,
			);
			name = StackVMTests;
			productName = StackVMTests;
			productReference = 2D84738B25F199C5005E035E /* StackVMTests.xctest */;
			productType = "com.apple.product-type.bundle.unit-test";
		};
		2D8473B425F19A2D005E035E /* Expression */ = {
			isa = PBXNativeTarget;
			buildConfigurationList = 2D8473C625F19A2D005E035E /* Build configuration list for PBXNativeTarget "Expression" */;
			buildPhases = (
				2D8473B025F19A2D005E035E /* Headers */,
				2D8473B125F19A2D005E035E /* Sources */,
				2D8473B225F19A2D005E035E /* Frameworks */,
				2D8473B325F19A2D005E035E /* Resources */,
			);
			buildRules = (
			);
			dependencies = (
			);
			name = Expression;
			packageProductDependencies = (
				2D33E3BB25F416EC00C59B54 /* Tagged */,
			);
			productName = Expression;
			productReference = 2D8473B525F19A2D005E035E /* Expression.framework */;
			productType = "com.apple.product-type.framework";
		};
		2D8473BC25F19A2D005E035E /* ExpressionTests */ = {
			isa = PBXNativeTarget;
			buildConfigurationList = 2D8473C925F19A2D005E035E /* Build configuration list for PBXNativeTarget "ExpressionTests" */;
			buildPhases = (
				2D8473B925F19A2D005E035E /* Sources */,
				2D8473BA25F19A2D005E035E /* Frameworks */,
				2D8473BB25F19A2D005E035E /* Resources */,
			);
			buildRules = (
			);
			dependencies = (
				2D8473C025F19A2D005E035E /* PBXTargetDependency */,
			);
			name = ExpressionTests;
			productName = ExpressionTests;
			productReference = 2D8473BD25F19A2D005E035E /* ExpressionTests.xctest */;
			productType = "com.apple.product-type.bundle.unit-test";
		};
		2D8473ED25F19C96005E035E /* ExpressionVM */ = {
			isa = PBXNativeTarget;
			buildConfigurationList = 2D8473FF25F19C96005E035E /* Build configuration list for PBXNativeTarget "ExpressionVM" */;
			buildPhases = (
				2D8473E925F19C96005E035E /* Headers */,
				2D8473EA25F19C96005E035E /* Sources */,
				2D8473EB25F19C96005E035E /* Frameworks */,
				2D8473EC25F19C96005E035E /* Resources */,
				2D84742225F19CE1005E035E /* Embed Frameworks */,
			);
			buildRules = (
			);
			dependencies = (
				2D84742125F19CE1005E035E /* PBXTargetDependency */,
			);
			name = ExpressionVM;
			productName = ExpressionVM;
			productReference = 2D8473EE25F19C96005E035E /* ExpressionVM.framework */;
			productType = "com.apple.product-type.framework";
		};
		2D8473F525F19C96005E035E /* ExpressionVMTests */ = {
			isa = PBXNativeTarget;
			buildConfigurationList = 2D84740225F19C96005E035E /* Build configuration list for PBXNativeTarget "ExpressionVMTests" */;
			buildPhases = (
				2D8473F225F19C96005E035E /* Sources */,
				2D8473F325F19C96005E035E /* Frameworks */,
				2D8473F425F19C96005E035E /* Resources */,
			);
			buildRules = (
			);
			dependencies = (
				2D8473F925F19C96005E035E /* PBXTargetDependency */,
			);
			name = ExpressionVMTests;
			productName = ExpressionVMTests;
			productReference = 2D8473F625F19C96005E035E /* ExpressionVMTests.xctest */;
			productType = "com.apple.product-type.bundle.unit-test";
		};
		2D84743125F30420005E035E /* ForthVM */ = {
			isa = PBXNativeTarget;
			buildConfigurationList = 2D84744325F30420005E035E /* Build configuration list for PBXNativeTarget "ForthVM" */;
			buildPhases = (
				2D84742D25F30420005E035E /* Headers */,
				2D84742E25F30420005E035E /* Sources */,
				2D84742F25F30420005E035E /* Frameworks */,
				2D84743025F30420005E035E /* Resources */,
				2D84745325F30429005E035E /* Embed Frameworks */,
			);
			buildRules = (
			);
			dependencies = (
				2D84745225F30429005E035E /* PBXTargetDependency */,
			);
			name = ForthVM;
			productName = ForthVM;
			productReference = 2D84743225F30420005E035E /* ForthVM.framework */;
			productType = "com.apple.product-type.framework";
		};
		2D84743925F30420005E035E /* ForthVMTests */ = {
			isa = PBXNativeTarget;
			buildConfigurationList = 2D84744625F30420005E035E /* Build configuration list for PBXNativeTarget "ForthVMTests" */;
			buildPhases = (
				2D84743625F30420005E035E /* Sources */,
				2D84743725F30420005E035E /* Frameworks */,
				2D84743825F30420005E035E /* Resources */,
			);
			buildRules = (
			);
			dependencies = (
				2D84743D25F30420005E035E /* PBXTargetDependency */,
			);
			name = ForthVMTests;
			productName = ForthVMTests;
			productReference = 2D84743A25F30420005E035E /* ForthVMTests.xctest */;
			productType = "com.apple.product-type.bundle.unit-test";
		};
		2DEAF86C25EDC2E80033CA28 /* MBL */ = {
			isa = PBXNativeTarget;
			buildConfigurationList = 2DEAF87425EDC2E80033CA28 /* Build configuration list for PBXNativeTarget "MBL" */;
			buildPhases = (
				2DEAF86925EDC2E80033CA28 /* Sources */,
				2DEAF86A25EDC2E80033CA28 /* Frameworks */,
				2DEAF86B25EDC2E80033CA28 /* CopyFiles */,
				2D8473AD25F199EB005E035E /* Embed Frameworks */,
			);
			buildRules = (
			);
			dependencies = (
				2D8473AC25F199EB005E035E /* PBXTargetDependency */,
				2D84741425F19CD7005E035E /* PBXTargetDependency */,
				2D84741825F19CD7005E035E /* PBXTargetDependency */,
			);
			name = MBL;
			packageProductDependencies = (
			);
			productName = MBL;
			productReference = 2DEAF86D25EDC2E80033CA28 /* MBL */;
			productType = "com.apple.product-type.tool";
		};
/* End PBXNativeTarget section */

/* Begin PBXProject section */
		2DEAF86525EDC2E80033CA28 /* Project object */ = {
			isa = PBXProject;
			attributes = {
				LastSwiftUpdateCheck = 1240;
				LastUpgradeCheck = 1240;
				TargetAttributes = {
					2D84738225F199C4005E035E = {
						CreatedOnToolsVersion = 12.4;
					};
					2D84738A25F199C5005E035E = {
						CreatedOnToolsVersion = 12.4;
					};
					2D8473B425F19A2D005E035E = {
						CreatedOnToolsVersion = 12.4;
					};
					2D8473BC25F19A2D005E035E = {
						CreatedOnToolsVersion = 12.4;
					};
					2D8473ED25F19C96005E035E = {
						CreatedOnToolsVersion = 12.4;
						LastSwiftMigration = 1240;
					};
					2D8473F525F19C96005E035E = {
						CreatedOnToolsVersion = 12.4;
					};
					2D84743125F30420005E035E = {
						CreatedOnToolsVersion = 12.4;
						LastSwiftMigration = 1240;
					};
					2D84743925F30420005E035E = {
						CreatedOnToolsVersion = 12.4;
					};
					2DEAF86C25EDC2E80033CA28 = {
						CreatedOnToolsVersion = 12.4;
					};
				};
			};
			buildConfigurationList = 2DEAF86825EDC2E80033CA28 /* Build configuration list for PBXProject "MBL" */;
			compatibilityVersion = "Xcode 9.3";
			developmentRegion = en;
			hasScannedForEncodings = 0;
			knownRegions = (
				en,
				Base,
			);
			mainGroup = 2DEAF86425EDC2E80033CA28;
			packageReferences = (
				2DEAF88225EDC3FF0033CA28 /* XCRemoteSwiftPackageReference "swift-tagged" */,
			);
			productRefGroup = 2DEAF86E25EDC2E80033CA28 /* Products */;
			projectDirPath = "";
			projectRoot = "";
			targets = (
				2DEAF86C25EDC2E80033CA28 /* MBL */,
				2D84738225F199C4005E035E /* StackVM */,
				2D84738A25F199C5005E035E /* StackVMTests */,
				2D8473B425F19A2D005E035E /* Expression */,
				2D8473BC25F19A2D005E035E /* ExpressionTests */,
				2D8473ED25F19C96005E035E /* ExpressionVM */,
				2D8473F525F19C96005E035E /* ExpressionVMTests */,
				2D84743125F30420005E035E /* ForthVM */,
				2D84743925F30420005E035E /* ForthVMTests */,
			);
		};
/* End PBXProject section */

/* Begin PBXResourcesBuildPhase section */
		2D84738125F199C4005E035E /* Resources */ = {
			isa = PBXResourcesBuildPhase;
			buildActionMask = 2147483647;
			files = (
			);
			runOnlyForDeploymentPostprocessing = 0;
		};
		2D84738925F199C5005E035E /* Resources */ = {
			isa = PBXResourcesBuildPhase;
			buildActionMask = 2147483647;
			files = (
			);
			runOnlyForDeploymentPostprocessing = 0;
		};
		2D8473B325F19A2D005E035E /* Resources */ = {
			isa = PBXResourcesBuildPhase;
			buildActionMask = 2147483647;
			files = (
			);
			runOnlyForDeploymentPostprocessing = 0;
		};
		2D8473BB25F19A2D005E035E /* Resources */ = {
			isa = PBXResourcesBuildPhase;
			buildActionMask = 2147483647;
			files = (
			);
			runOnlyForDeploymentPostprocessing = 0;
		};
		2D8473EC25F19C96005E035E /* Resources */ = {
			isa = PBXResourcesBuildPhase;
			buildActionMask = 2147483647;
			files = (
			);
			runOnlyForDeploymentPostprocessing = 0;
		};
		2D8473F425F19C96005E035E /* Resources */ = {
			isa = PBXResourcesBuildPhase;
			buildActionMask = 2147483647;
			files = (
			);
			runOnlyForDeploymentPostprocessing = 0;
		};
		2D84743025F30420005E035E /* Resources */ = {
			isa = PBXResourcesBuildPhase;
			buildActionMask = 2147483647;
			files = (
			);
			runOnlyForDeploymentPostprocessing = 0;
		};
		2D84743825F30420005E035E /* Resources */ = {
			isa = PBXResourcesBuildPhase;
			buildActionMask = 2147483647;
			files = (
			);
			runOnlyForDeploymentPostprocessing = 0;
		};
/* End PBXResourcesBuildPhase section */

/* Begin PBXSourcesBuildPhase section */
		2D84737F25F199C4005E035E /* Sources */ = {
			isa = PBXSourcesBuildPhase;
			buildActionMask = 2147483647;
			files = (
				2D8473A025F199CE005E035E /* Stack.swift in Sources */,
				2D84739E25F199CE005E035E /* VM.swift in Sources */,
				2D8473A125F199CE005E035E /* Compiler.swift in Sources */,
				2D84739D25F199CE005E035E /* Value.swift in Sources */,
				2D84739F25F199CE005E035E /* Inst.swift in Sources */,
			);
			runOnlyForDeploymentPostprocessing = 0;
		};
		2D84738725F199C5005E035E /* Sources */ = {
			isa = PBXSourcesBuildPhase;
			buildActionMask = 2147483647;
			files = (
				2D84739125F199C5005E035E /* StackVMTests.swift in Sources */,
			);
			runOnlyForDeploymentPostprocessing = 0;
		};
		2D8473B125F19A2D005E035E /* Sources */ = {
			isa = PBXSourcesBuildPhase;
			buildActionMask = 2147483647;
			files = (
				2D33E3AF25F4140600C59B54 /* AppliedLambdas.swift in Sources */,
				2D33E3CC25F4174400C59B54 /* Unify.swift in Sources */,
				2D33E3E425F4537400C59B54 /* FindFree.swift in Sources */,
				2D33E3D225F4174700C59B54 /* Infer.swift in Sources */,
				2D33E3DD25F4179800C59B54 /* EscapingClosures.swift in Sources */,
				2D8473D125F19A3B005E035E /* Parser.swift in Sources */,
				2D8473D225F19A3B005E035E /* Expr.swift in Sources */,
				2D8473D025F19A3B005E035E /* Tokenizer.swift in Sources */,
				2D33E3B525F416C300C59B54 /* Type.swift in Sources */,
				2D84747825F3D1AC005E035E /* Rename.swift in Sources */,
				2D84742825F2888D005E035E /* TailCall.swift in Sources */,
			);
			runOnlyForDeploymentPostprocessing = 0;
		};
		2D8473B925F19A2D005E035E /* Sources */ = {
			isa = PBXSourcesBuildPhase;
			buildActionMask = 2147483647;
			files = (
				2D8473C325F19A2D005E035E /* ExpressionTests.swift in Sources */,
			);
			runOnlyForDeploymentPostprocessing = 0;
		};
		2D8473EA25F19C96005E035E /* Sources */ = {
			isa = PBXSourcesBuildPhase;
			buildActionMask = 2147483647;
			files = (
				2D84740B25F19CA4005E035E /* ExprVM.swift in Sources */,
			);
			runOnlyForDeploymentPostprocessing = 0;
		};
		2D8473F225F19C96005E035E /* Sources */ = {
			isa = PBXSourcesBuildPhase;
			buildActionMask = 2147483647;
			files = (
				2D8473FC25F19C96005E035E /* ExpressionVMTests.swift in Sources */,
			);
			runOnlyForDeploymentPostprocessing = 0;
		};
		2D84742E25F30420005E035E /* Sources */ = {
			isa = PBXSourcesBuildPhase;
			buildActionMask = 2147483647;
			files = (
				2D84746A25F3D110005E035E /* Compiler.swift in Sources */,
				2D84745A25F3043E005E035E /* ForthVM.swift in Sources */,
			);
			runOnlyForDeploymentPostprocessing = 0;
		};
		2D84743625F30420005E035E /* Sources */ = {
			isa = PBXSourcesBuildPhase;
			buildActionMask = 2147483647;
			files = (
				2D84744025F30420005E035E /* ForthVMTests.swift in Sources */,
			);
			runOnlyForDeploymentPostprocessing = 0;
		};
		2DEAF86925EDC2E80033CA28 /* Sources */ = {
			isa = PBXSourcesBuildPhase;
			buildActionMask = 2147483647;
			files = (
				2DEAF87125EDC2E80033CA28 /* main.swift in Sources */,
			);
			runOnlyForDeploymentPostprocessing = 0;
		};
/* End PBXSourcesBuildPhase section */

/* Begin PBXTargetDependency section */
		2D84738E25F199C5005E035E /* PBXTargetDependency */ = {
			isa = PBXTargetDependency;
			target = 2D84738225F199C4005E035E /* StackVM */;
			targetProxy = 2D84738D25F199C5005E035E /* PBXContainerItemProxy */;
		};
		2D8473AC25F199EB005E035E /* PBXTargetDependency */ = {
			isa = PBXTargetDependency;
			target = 2D84738225F199C4005E035E /* StackVM */;
			targetProxy = 2D8473AB25F199EB005E035E /* PBXContainerItemProxy */;
		};
		2D8473C025F19A2D005E035E /* PBXTargetDependency */ = {
			isa = PBXTargetDependency;
			target = 2D8473B425F19A2D005E035E /* Expression */;
			targetProxy = 2D8473BF25F19A2D005E035E /* PBXContainerItemProxy */;
		};
		2D8473DE25F19A46005E035E /* PBXTargetDependency */ = {
			isa = PBXTargetDependency;
			target = 2D8473B425F19A2D005E035E /* Expression */;
			targetProxy = 2D8473DD25F19A46005E035E /* PBXContainerItemProxy */;
		};
		2D8473F925F19C96005E035E /* PBXTargetDependency */ = {
			isa = PBXTargetDependency;
			target = 2D8473ED25F19C96005E035E /* ExpressionVM */;
			targetProxy = 2D8473F825F19C96005E035E /* PBXContainerItemProxy */;
		};
		2D84741425F19CD7005E035E /* PBXTargetDependency */ = {
			isa = PBXTargetDependency;
			target = 2D8473B425F19A2D005E035E /* Expression */;
			targetProxy = 2D84741325F19CD7005E035E /* PBXContainerItemProxy */;
		};
		2D84741825F19CD7005E035E /* PBXTargetDependency */ = {
			isa = PBXTargetDependency;
			target = 2D8473ED25F19C96005E035E /* ExpressionVM */;
			targetProxy = 2D84741725F19CD7005E035E /* PBXContainerItemProxy */;
		};
		2D84742125F19CE1005E035E /* PBXTargetDependency */ = {
			isa = PBXTargetDependency;
			target = 2D8473B425F19A2D005E035E /* Expression */;
			targetProxy = 2D84742025F19CE1005E035E /* PBXContainerItemProxy */;
		};
		2D84743D25F30420005E035E /* PBXTargetDependency */ = {
			isa = PBXTargetDependency;
			target = 2D84743125F30420005E035E /* ForthVM */;
			targetProxy = 2D84743C25F30420005E035E /* PBXContainerItemProxy */;
		};
		2D84745225F30429005E035E /* PBXTargetDependency */ = {
			isa = PBXTargetDependency;
			target = 2D8473B425F19A2D005E035E /* Expression */;
			targetProxy = 2D84745125F30429005E035E /* PBXContainerItemProxy */;
		};
/* End PBXTargetDependency section */

/* Begin XCBuildConfiguration section */
		2D84739525F199C5005E035E /* Debug */ = {
			isa = XCBuildConfiguration;
			buildSettings = {
				CODE_SIGN_STYLE = Automatic;
				COMBINE_HIDPI_IMAGES = YES;
				CURRENT_PROJECT_VERSION = 1;
				DEFINES_MODULE = YES;
				DEVELOPMENT_TEAM = 2FRWKWHVQR;
				DYLIB_COMPATIBILITY_VERSION = 1;
				DYLIB_CURRENT_VERSION = 1;
				DYLIB_INSTALL_NAME_BASE = "@rpath";
				INFOPLIST_FILE = StackVM/Info.plist;
				INSTALL_PATH = "$(LOCAL_LIBRARY_DIR)/Frameworks";
				LD_RUNPATH_SEARCH_PATHS = (
					"$(inherited)",
					"@executable_path/../Frameworks",
					"@loader_path/Frameworks",
				);
				PRODUCT_BUNDLE_IDENTIFIER = tech.amarantin.StackVM;
				PRODUCT_NAME = "$(TARGET_NAME:c99extidentifier)";
				SKIP_INSTALL = YES;
				SWIFT_VERSION = 5.0;
				VERSIONING_SYSTEM = "apple-generic";
				VERSION_INFO_PREFIX = "";
			};
			name = Debug;
		};
		2D84739625F199C5005E035E /* Release */ = {
			isa = XCBuildConfiguration;
			buildSettings = {
				CODE_SIGN_STYLE = Automatic;
				COMBINE_HIDPI_IMAGES = YES;
				CURRENT_PROJECT_VERSION = 1;
				DEFINES_MODULE = YES;
				DEVELOPMENT_TEAM = 2FRWKWHVQR;
				DYLIB_COMPATIBILITY_VERSION = 1;
				DYLIB_CURRENT_VERSION = 1;
				DYLIB_INSTALL_NAME_BASE = "@rpath";
				INFOPLIST_FILE = StackVM/Info.plist;
				INSTALL_PATH = "$(LOCAL_LIBRARY_DIR)/Frameworks";
				LD_RUNPATH_SEARCH_PATHS = (
					"$(inherited)",
					"@executable_path/../Frameworks",
					"@loader_path/Frameworks",
				);
				PRODUCT_BUNDLE_IDENTIFIER = tech.amarantin.StackVM;
				PRODUCT_NAME = "$(TARGET_NAME:c99extidentifier)";
				SKIP_INSTALL = YES;
				SWIFT_VERSION = 5.0;
				VERSIONING_SYSTEM = "apple-generic";
				VERSION_INFO_PREFIX = "";
			};
			name = Release;
		};
		2D84739825F199C5005E035E /* Debug */ = {
			isa = XCBuildConfiguration;
			buildSettings = {
				ALWAYS_EMBED_SWIFT_STANDARD_LIBRARIES = YES;
				CODE_SIGN_STYLE = Automatic;
				COMBINE_HIDPI_IMAGES = YES;
				DEVELOPMENT_TEAM = 2FRWKWHVQR;
				INFOPLIST_FILE = StackVMTests/Info.plist;
				LD_RUNPATH_SEARCH_PATHS = (
					"$(inherited)",
					"@executable_path/../Frameworks",
					"@loader_path/../Frameworks",
				);
				PRODUCT_BUNDLE_IDENTIFIER = tech.amarantin.StackVMTests;
				PRODUCT_NAME = "$(TARGET_NAME)";
				SWIFT_VERSION = 5.0;
			};
			name = Debug;
		};
		2D84739925F199C5005E035E /* Release */ = {
			isa = XCBuildConfiguration;
			buildSettings = {
				ALWAYS_EMBED_SWIFT_STANDARD_LIBRARIES = YES;
				CODE_SIGN_STYLE = Automatic;
				COMBINE_HIDPI_IMAGES = YES;
				DEVELOPMENT_TEAM = 2FRWKWHVQR;
				INFOPLIST_FILE = StackVMTests/Info.plist;
				LD_RUNPATH_SEARCH_PATHS = (
					"$(inherited)",
					"@executable_path/../Frameworks",
					"@loader_path/../Frameworks",
				);
				PRODUCT_BUNDLE_IDENTIFIER = tech.amarantin.StackVMTests;
				PRODUCT_NAME = "$(TARGET_NAME)";
				SWIFT_VERSION = 5.0;
			};
			name = Release;
		};
		2D8473C725F19A2D005E035E /* Debug */ = {
			isa = XCBuildConfiguration;
			buildSettings = {
				CODE_SIGN_STYLE = Automatic;
				COMBINE_HIDPI_IMAGES = YES;
				CURRENT_PROJECT_VERSION = 1;
				DEFINES_MODULE = YES;
				DEVELOPMENT_TEAM = 2FRWKWHVQR;
				DYLIB_COMPATIBILITY_VERSION = 1;
				DYLIB_CURRENT_VERSION = 1;
				DYLIB_INSTALL_NAME_BASE = "@rpath";
				INFOPLIST_FILE = Expression/Info.plist;
				INSTALL_PATH = "$(LOCAL_LIBRARY_DIR)/Frameworks";
				LD_RUNPATH_SEARCH_PATHS = (
					"$(inherited)",
					"@executable_path/../Frameworks",
					"@loader_path/Frameworks",
				);
				PRODUCT_BUNDLE_IDENTIFIER = tech.amarantin.Expression;
				PRODUCT_NAME = "$(TARGET_NAME:c99extidentifier)";
				SKIP_INSTALL = YES;
				SWIFT_VERSION = 5.0;
				VERSIONING_SYSTEM = "apple-generic";
				VERSION_INFO_PREFIX = "";
			};
			name = Debug;
		};
		2D8473C825F19A2D005E035E /* Release */ = {
			isa = XCBuildConfiguration;
			buildSettings = {
				CODE_SIGN_STYLE = Automatic;
				COMBINE_HIDPI_IMAGES = YES;
				CURRENT_PROJECT_VERSION = 1;
				DEFINES_MODULE = YES;
				DEVELOPMENT_TEAM = 2FRWKWHVQR;
				DYLIB_COMPATIBILITY_VERSION = 1;
				DYLIB_CURRENT_VERSION = 1;
				DYLIB_INSTALL_NAME_BASE = "@rpath";
				INFOPLIST_FILE = Expression/Info.plist;
				INSTALL_PATH = "$(LOCAL_LIBRARY_DIR)/Frameworks";
				LD_RUNPATH_SEARCH_PATHS = (
					"$(inherited)",
					"@executable_path/../Frameworks",
					"@loader_path/Frameworks",
				);
				PRODUCT_BUNDLE_IDENTIFIER = tech.amarantin.Expression;
				PRODUCT_NAME = "$(TARGET_NAME:c99extidentifier)";
				SKIP_INSTALL = YES;
				SWIFT_VERSION = 5.0;
				VERSIONING_SYSTEM = "apple-generic";
				VERSION_INFO_PREFIX = "";
			};
			name = Release;
		};
		2D8473CA25F19A2D005E035E /* Debug */ = {
			isa = XCBuildConfiguration;
			buildSettings = {
				ALWAYS_EMBED_SWIFT_STANDARD_LIBRARIES = YES;
				CODE_SIGN_STYLE = Automatic;
				COMBINE_HIDPI_IMAGES = YES;
				DEVELOPMENT_TEAM = 2FRWKWHVQR;
				INFOPLIST_FILE = ExpressionTests/Info.plist;
				LD_RUNPATH_SEARCH_PATHS = (
					"$(inherited)",
					"@executable_path/../Frameworks",
					"@loader_path/../Frameworks",
				);
				PRODUCT_BUNDLE_IDENTIFIER = tech.amarantin.ExpressionTests;
				PRODUCT_NAME = "$(TARGET_NAME)";
				SWIFT_VERSION = 5.0;
			};
			name = Debug;
		};
		2D8473CB25F19A2D005E035E /* Release */ = {
			isa = XCBuildConfiguration;
			buildSettings = {
				ALWAYS_EMBED_SWIFT_STANDARD_LIBRARIES = YES;
				CODE_SIGN_STYLE = Automatic;
				COMBINE_HIDPI_IMAGES = YES;
				DEVELOPMENT_TEAM = 2FRWKWHVQR;
				INFOPLIST_FILE = ExpressionTests/Info.plist;
				LD_RUNPATH_SEARCH_PATHS = (
					"$(inherited)",
					"@executable_path/../Frameworks",
					"@loader_path/../Frameworks",
				);
				PRODUCT_BUNDLE_IDENTIFIER = tech.amarantin.ExpressionTests;
				PRODUCT_NAME = "$(TARGET_NAME)";
				SWIFT_VERSION = 5.0;
			};
			name = Release;
		};
		2D84740025F19C96005E035E /* Debug */ = {
			isa = XCBuildConfiguration;
			buildSettings = {
				CLANG_ENABLE_MODULES = YES;
				CODE_SIGN_STYLE = Automatic;
				COMBINE_HIDPI_IMAGES = YES;
				CURRENT_PROJECT_VERSION = 1;
				DEFINES_MODULE = YES;
				DEVELOPMENT_TEAM = 2FRWKWHVQR;
				DYLIB_COMPATIBILITY_VERSION = 1;
				DYLIB_CURRENT_VERSION = 1;
				DYLIB_INSTALL_NAME_BASE = "@rpath";
				INFOPLIST_FILE = ExpressionVM/Info.plist;
				INSTALL_PATH = "$(LOCAL_LIBRARY_DIR)/Frameworks";
				LD_RUNPATH_SEARCH_PATHS = (
					"$(inherited)",
					"@executable_path/../Frameworks",
					"@loader_path/Frameworks",
				);
				MACOSX_DEPLOYMENT_TARGET = 11.1;
				PRODUCT_BUNDLE_IDENTIFIER = tech.amarantin.ExpressionVM;
				PRODUCT_NAME = "$(TARGET_NAME:c99extidentifier)";
				SKIP_INSTALL = YES;
				SWIFT_OPTIMIZATION_LEVEL = "-Onone";
				SWIFT_VERSION = 5.0;
				VERSIONING_SYSTEM = "apple-generic";
				VERSION_INFO_PREFIX = "";
			};
			name = Debug;
		};
		2D84740125F19C96005E035E /* Release */ = {
			isa = XCBuildConfiguration;
			buildSettings = {
				CLANG_ENABLE_MODULES = YES;
				CODE_SIGN_STYLE = Automatic;
				COMBINE_HIDPI_IMAGES = YES;
				CURRENT_PROJECT_VERSION = 1;
				DEFINES_MODULE = YES;
				DEVELOPMENT_TEAM = 2FRWKWHVQR;
				DYLIB_COMPATIBILITY_VERSION = 1;
				DYLIB_CURRENT_VERSION = 1;
				DYLIB_INSTALL_NAME_BASE = "@rpath";
				INFOPLIST_FILE = ExpressionVM/Info.plist;
				INSTALL_PATH = "$(LOCAL_LIBRARY_DIR)/Frameworks";
				LD_RUNPATH_SEARCH_PATHS = (
					"$(inherited)",
					"@executable_path/../Frameworks",
					"@loader_path/Frameworks",
				);
				MACOSX_DEPLOYMENT_TARGET = 11.1;
				PRODUCT_BUNDLE_IDENTIFIER = tech.amarantin.ExpressionVM;
				PRODUCT_NAME = "$(TARGET_NAME:c99extidentifier)";
				SKIP_INSTALL = YES;
				SWIFT_VERSION = 5.0;
				VERSIONING_SYSTEM = "apple-generic";
				VERSION_INFO_PREFIX = "";
			};
			name = Release;
		};
		2D84740325F19C96005E035E /* Debug */ = {
			isa = XCBuildConfiguration;
			buildSettings = {
				ALWAYS_EMBED_SWIFT_STANDARD_LIBRARIES = YES;
				CODE_SIGN_STYLE = Automatic;
				COMBINE_HIDPI_IMAGES = YES;
				DEVELOPMENT_TEAM = 2FRWKWHVQR;
				INFOPLIST_FILE = ExpressionVMTests/Info.plist;
				LD_RUNPATH_SEARCH_PATHS = (
					"$(inherited)",
					"@executable_path/../Frameworks",
					"@loader_path/../Frameworks",
				);
				MACOSX_DEPLOYMENT_TARGET = 11.1;
				PRODUCT_BUNDLE_IDENTIFIER = tech.amarantin.ExpressionVMTests;
				PRODUCT_NAME = "$(TARGET_NAME)";
				SWIFT_VERSION = 5.0;
			};
			name = Debug;
		};
		2D84740425F19C96005E035E /* Release */ = {
			isa = XCBuildConfiguration;
			buildSettings = {
				ALWAYS_EMBED_SWIFT_STANDARD_LIBRARIES = YES;
				CODE_SIGN_STYLE = Automatic;
				COMBINE_HIDPI_IMAGES = YES;
				DEVELOPMENT_TEAM = 2FRWKWHVQR;
				INFOPLIST_FILE = ExpressionVMTests/Info.plist;
				LD_RUNPATH_SEARCH_PATHS = (
					"$(inherited)",
					"@executable_path/../Frameworks",
					"@loader_path/../Frameworks",
				);
				MACOSX_DEPLOYMENT_TARGET = 11.1;
				PRODUCT_BUNDLE_IDENTIFIER = tech.amarantin.ExpressionVMTests;
				PRODUCT_NAME = "$(TARGET_NAME)";
				SWIFT_VERSION = 5.0;
			};
			name = Release;
		};
		2D84744425F30420005E035E /* Debug */ = {
			isa = XCBuildConfiguration;
			buildSettings = {
				CLANG_ENABLE_MODULES = YES;
				CODE_SIGN_STYLE = Automatic;
				COMBINE_HIDPI_IMAGES = YES;
				CURRENT_PROJECT_VERSION = 1;
				DEFINES_MODULE = YES;
				DEVELOPMENT_TEAM = 2FRWKWHVQR;
				DYLIB_COMPATIBILITY_VERSION = 1;
				DYLIB_CURRENT_VERSION = 1;
				DYLIB_INSTALL_NAME_BASE = "@rpath";
				INFOPLIST_FILE = ForthVM/Info.plist;
				INSTALL_PATH = "$(LOCAL_LIBRARY_DIR)/Frameworks";
				LD_RUNPATH_SEARCH_PATHS = (
					"$(inherited)",
					"@executable_path/../Frameworks",
					"@loader_path/Frameworks",
				);
				MACOSX_DEPLOYMENT_TARGET = 11.1;
				PRODUCT_BUNDLE_IDENTIFIER = tech.amarantin.ForthVM;
				PRODUCT_NAME = "$(TARGET_NAME:c99extidentifier)";
				SKIP_INSTALL = YES;
				SWIFT_OPTIMIZATION_LEVEL = "-Onone";
				SWIFT_VERSION = 5.0;
				VERSIONING_SYSTEM = "apple-generic";
				VERSION_INFO_PREFIX = "";
			};
			name = Debug;
		};
		2D84744525F30420005E035E /* Release */ = {
			isa = XCBuildConfiguration;
			buildSettings = {
				CLANG_ENABLE_MODULES = YES;
				CODE_SIGN_STYLE = Automatic;
				COMBINE_HIDPI_IMAGES = YES;
				CURRENT_PROJECT_VERSION = 1;
				DEFINES_MODULE = YES;
				DEVELOPMENT_TEAM = 2FRWKWHVQR;
				DYLIB_COMPATIBILITY_VERSION = 1;
				DYLIB_CURRENT_VERSION = 1;
				DYLIB_INSTALL_NAME_BASE = "@rpath";
				INFOPLIST_FILE = ForthVM/Info.plist;
				INSTALL_PATH = "$(LOCAL_LIBRARY_DIR)/Frameworks";
				LD_RUNPATH_SEARCH_PATHS = (
					"$(inherited)",
					"@executable_path/../Frameworks",
					"@loader_path/Frameworks",
				);
				MACOSX_DEPLOYMENT_TARGET = 11.1;
				PRODUCT_BUNDLE_IDENTIFIER = tech.amarantin.ForthVM;
				PRODUCT_NAME = "$(TARGET_NAME:c99extidentifier)";
				SKIP_INSTALL = YES;
				SWIFT_VERSION = 5.0;
				VERSIONING_SYSTEM = "apple-generic";
				VERSION_INFO_PREFIX = "";
			};
			name = Release;
		};
		2D84744725F30420005E035E /* Debug */ = {
			isa = XCBuildConfiguration;
			buildSettings = {
				ALWAYS_EMBED_SWIFT_STANDARD_LIBRARIES = YES;
				CODE_SIGN_STYLE = Automatic;
				COMBINE_HIDPI_IMAGES = YES;
				DEVELOPMENT_TEAM = 2FRWKWHVQR;
				INFOPLIST_FILE = ForthVMTests/Info.plist;
				LD_RUNPATH_SEARCH_PATHS = (
					"$(inherited)",
					"@executable_path/../Frameworks",
					"@loader_path/../Frameworks",
				);
				MACOSX_DEPLOYMENT_TARGET = 11.1;
				PRODUCT_BUNDLE_IDENTIFIER = tech.amarantin.ForthVMTests;
				PRODUCT_NAME = "$(TARGET_NAME)";
				SWIFT_VERSION = 5.0;
			};
			name = Debug;
		};
		2D84744825F30420005E035E /* Release */ = {
			isa = XCBuildConfiguration;
			buildSettings = {
				ALWAYS_EMBED_SWIFT_STANDARD_LIBRARIES = YES;
				CODE_SIGN_STYLE = Automatic;
				COMBINE_HIDPI_IMAGES = YES;
				DEVELOPMENT_TEAM = 2FRWKWHVQR;
				INFOPLIST_FILE = ForthVMTests/Info.plist;
				LD_RUNPATH_SEARCH_PATHS = (
					"$(inherited)",
					"@executable_path/../Frameworks",
					"@loader_path/../Frameworks",
				);
				MACOSX_DEPLOYMENT_TARGET = 11.1;
				PRODUCT_BUNDLE_IDENTIFIER = tech.amarantin.ForthVMTests;
				PRODUCT_NAME = "$(TARGET_NAME)";
				SWIFT_VERSION = 5.0;
			};
			name = Release;
		};
		2DEAF87225EDC2E80033CA28 /* Debug */ = {
			isa = XCBuildConfiguration;
			buildSettings = {
				ALWAYS_SEARCH_USER_PATHS = NO;
				CLANG_ANALYZER_NONNULL = YES;
				CLANG_ANALYZER_NUMBER_OBJECT_CONVERSION = YES_AGGRESSIVE;
				CLANG_CXX_LANGUAGE_STANDARD = "gnu++14";
				CLANG_CXX_LIBRARY = "libc++";
				CLANG_ENABLE_MODULES = YES;
				CLANG_ENABLE_OBJC_ARC = YES;
				CLANG_ENABLE_OBJC_WEAK = YES;
				CLANG_WARN_BLOCK_CAPTURE_AUTORELEASING = YES;
				CLANG_WARN_BOOL_CONVERSION = YES;
				CLANG_WARN_COMMA = YES;
				CLANG_WARN_CONSTANT_CONVERSION = YES;
				CLANG_WARN_DEPRECATED_OBJC_IMPLEMENTATIONS = YES;
				CLANG_WARN_DIRECT_OBJC_ISA_USAGE = YES_ERROR;
				CLANG_WARN_DOCUMENTATION_COMMENTS = YES;
				CLANG_WARN_EMPTY_BODY = YES;
				CLANG_WARN_ENUM_CONVERSION = YES;
				CLANG_WARN_INFINITE_RECURSION = YES;
				CLANG_WARN_INT_CONVERSION = YES;
				CLANG_WARN_NON_LITERAL_NULL_CONVERSION = YES;
				CLANG_WARN_OBJC_IMPLICIT_RETAIN_SELF = YES;
				CLANG_WARN_OBJC_LITERAL_CONVERSION = YES;
				CLANG_WARN_OBJC_ROOT_CLASS = YES_ERROR;
				CLANG_WARN_QUOTED_INCLUDE_IN_FRAMEWORK_HEADER = YES;
				CLANG_WARN_RANGE_LOOP_ANALYSIS = YES;
				CLANG_WARN_STRICT_PROTOTYPES = YES;
				CLANG_WARN_SUSPICIOUS_MOVE = YES;
				CLANG_WARN_UNGUARDED_AVAILABILITY = YES_AGGRESSIVE;
				CLANG_WARN_UNREACHABLE_CODE = YES;
				CLANG_WARN__DUPLICATE_METHOD_MATCH = YES;
				COPY_PHASE_STRIP = NO;
				DEBUG_INFORMATION_FORMAT = dwarf;
				ENABLE_STRICT_OBJC_MSGSEND = YES;
				ENABLE_TESTABILITY = YES;
				GCC_C_LANGUAGE_STANDARD = gnu11;
				GCC_DYNAMIC_NO_PIC = NO;
				GCC_NO_COMMON_BLOCKS = YES;
				GCC_OPTIMIZATION_LEVEL = 0;
				GCC_PREPROCESSOR_DEFINITIONS = (
					"DEBUG=1",
					"$(inherited)",
				);
				GCC_WARN_64_TO_32_BIT_CONVERSION = YES;
				GCC_WARN_ABOUT_RETURN_TYPE = YES_ERROR;
				GCC_WARN_UNDECLARED_SELECTOR = YES;
				GCC_WARN_UNINITIALIZED_AUTOS = YES_AGGRESSIVE;
				GCC_WARN_UNUSED_FUNCTION = YES;
				GCC_WARN_UNUSED_VARIABLE = YES;
				MACOSX_DEPLOYMENT_TARGET = 10.15;
				MTL_ENABLE_DEBUG_INFO = INCLUDE_SOURCE;
				MTL_FAST_MATH = YES;
				ONLY_ACTIVE_ARCH = YES;
				SDKROOT = macosx;
				SWIFT_ACTIVE_COMPILATION_CONDITIONS = DEBUG;
				SWIFT_OPTIMIZATION_LEVEL = "-Onone";
			};
			name = Debug;
		};
		2DEAF87325EDC2E80033CA28 /* Release */ = {
			isa = XCBuildConfiguration;
			buildSettings = {
				ALWAYS_SEARCH_USER_PATHS = NO;
				CLANG_ANALYZER_NONNULL = YES;
				CLANG_ANALYZER_NUMBER_OBJECT_CONVERSION = YES_AGGRESSIVE;
				CLANG_CXX_LANGUAGE_STANDARD = "gnu++14";
				CLANG_CXX_LIBRARY = "libc++";
				CLANG_ENABLE_MODULES = YES;
				CLANG_ENABLE_OBJC_ARC = YES;
				CLANG_ENABLE_OBJC_WEAK = YES;
				CLANG_WARN_BLOCK_CAPTURE_AUTORELEASING = YES;
				CLANG_WARN_BOOL_CONVERSION = YES;
				CLANG_WARN_COMMA = YES;
				CLANG_WARN_CONSTANT_CONVERSION = YES;
				CLANG_WARN_DEPRECATED_OBJC_IMPLEMENTATIONS = YES;
				CLANG_WARN_DIRECT_OBJC_ISA_USAGE = YES_ERROR;
				CLANG_WARN_DOCUMENTATION_COMMENTS = YES;
				CLANG_WARN_EMPTY_BODY = YES;
				CLANG_WARN_ENUM_CONVERSION = YES;
				CLANG_WARN_INFINITE_RECURSION = YES;
				CLANG_WARN_INT_CONVERSION = YES;
				CLANG_WARN_NON_LITERAL_NULL_CONVERSION = YES;
				CLANG_WARN_OBJC_IMPLICIT_RETAIN_SELF = YES;
				CLANG_WARN_OBJC_LITERAL_CONVERSION = YES;
				CLANG_WARN_OBJC_ROOT_CLASS = YES_ERROR;
				CLANG_WARN_QUOTED_INCLUDE_IN_FRAMEWORK_HEADER = YES;
				CLANG_WARN_RANGE_LOOP_ANALYSIS = YES;
				CLANG_WARN_STRICT_PROTOTYPES = YES;
				CLANG_WARN_SUSPICIOUS_MOVE = YES;
				CLANG_WARN_UNGUARDED_AVAILABILITY = YES_AGGRESSIVE;
				CLANG_WARN_UNREACHABLE_CODE = YES;
				CLANG_WARN__DUPLICATE_METHOD_MATCH = YES;
				COPY_PHASE_STRIP = NO;
				DEBUG_INFORMATION_FORMAT = "dwarf-with-dsym";
				ENABLE_NS_ASSERTIONS = NO;
				ENABLE_STRICT_OBJC_MSGSEND = YES;
				GCC_C_LANGUAGE_STANDARD = gnu11;
				GCC_NO_COMMON_BLOCKS = YES;
				GCC_WARN_64_TO_32_BIT_CONVERSION = YES;
				GCC_WARN_ABOUT_RETURN_TYPE = YES_ERROR;
				GCC_WARN_UNDECLARED_SELECTOR = YES;
				GCC_WARN_UNINITIALIZED_AUTOS = YES_AGGRESSIVE;
				GCC_WARN_UNUSED_FUNCTION = YES;
				GCC_WARN_UNUSED_VARIABLE = YES;
				MACOSX_DEPLOYMENT_TARGET = 10.15;
				MTL_ENABLE_DEBUG_INFO = NO;
				MTL_FAST_MATH = YES;
				SDKROOT = macosx;
				SWIFT_COMPILATION_MODE = wholemodule;
				SWIFT_OPTIMIZATION_LEVEL = "-O";
			};
			name = Release;
		};
		2DEAF87525EDC2E80033CA28 /* Debug */ = {
			isa = XCBuildConfiguration;
			buildSettings = {
				CODE_SIGN_STYLE = Automatic;
				DEVELOPMENT_TEAM = 2FRWKWHVQR;
				ENABLE_HARDENED_RUNTIME = YES;
				PRODUCT_NAME = "$(TARGET_NAME)";
				SWIFT_VERSION = 5.0;
			};
			name = Debug;
		};
		2DEAF87625EDC2E80033CA28 /* Release */ = {
			isa = XCBuildConfiguration;
			buildSettings = {
				CODE_SIGN_STYLE = Automatic;
				DEVELOPMENT_TEAM = 2FRWKWHVQR;
				ENABLE_HARDENED_RUNTIME = YES;
				PRODUCT_NAME = "$(TARGET_NAME)";
				SWIFT_VERSION = 5.0;
			};
			name = Release;
		};
/* End XCBuildConfiguration section */

/* Begin XCConfigurationList section */
		2D84739425F199C5005E035E /* Build configuration list for PBXNativeTarget "StackVM" */ = {
			isa = XCConfigurationList;
			buildConfigurations = (
				2D84739525F199C5005E035E /* Debug */,
				2D84739625F199C5005E035E /* Release */,
			);
			defaultConfigurationIsVisible = 0;
			defaultConfigurationName = Release;
		};
		2D84739725F199C5005E035E /* Build configuration list for PBXNativeTarget "StackVMTests" */ = {
			isa = XCConfigurationList;
			buildConfigurations = (
				2D84739825F199C5005E035E /* Debug */,
				2D84739925F199C5005E035E /* Release */,
			);
			defaultConfigurationIsVisible = 0;
			defaultConfigurationName = Release;
		};
		2D8473C625F19A2D005E035E /* Build configuration list for PBXNativeTarget "Expression" */ = {
			isa = XCConfigurationList;
			buildConfigurations = (
				2D8473C725F19A2D005E035E /* Debug */,
				2D8473C825F19A2D005E035E /* Release */,
			);
			defaultConfigurationIsVisible = 0;
			defaultConfigurationName = Release;
		};
		2D8473C925F19A2D005E035E /* Build configuration list for PBXNativeTarget "ExpressionTests" */ = {
			isa = XCConfigurationList;
			buildConfigurations = (
				2D8473CA25F19A2D005E035E /* Debug */,
				2D8473CB25F19A2D005E035E /* Release */,
			);
			defaultConfigurationIsVisible = 0;
			defaultConfigurationName = Release;
		};
		2D8473FF25F19C96005E035E /* Build configuration list for PBXNativeTarget "ExpressionVM" */ = {
			isa = XCConfigurationList;
			buildConfigurations = (
				2D84740025F19C96005E035E /* Debug */,
				2D84740125F19C96005E035E /* Release */,
			);
			defaultConfigurationIsVisible = 0;
			defaultConfigurationName = Release;
		};
		2D84740225F19C96005E035E /* Build configuration list for PBXNativeTarget "ExpressionVMTests" */ = {
			isa = XCConfigurationList;
			buildConfigurations = (
				2D84740325F19C96005E035E /* Debug */,
				2D84740425F19C96005E035E /* Release */,
			);
			defaultConfigurationIsVisible = 0;
			defaultConfigurationName = Release;
		};
		2D84744325F30420005E035E /* Build configuration list for PBXNativeTarget "ForthVM" */ = {
			isa = XCConfigurationList;
			buildConfigurations = (
				2D84744425F30420005E035E /* Debug */,
				2D84744525F30420005E035E /* Release */,
			);
			defaultConfigurationIsVisible = 0;
			defaultConfigurationName = Release;
		};
		2D84744625F30420005E035E /* Build configuration list for PBXNativeTarget "ForthVMTests" */ = {
			isa = XCConfigurationList;
			buildConfigurations = (
				2D84744725F30420005E035E /* Debug */,
				2D84744825F30420005E035E /* Release */,
			);
			defaultConfigurationIsVisible = 0;
			defaultConfigurationName = Release;
		};
		2DEAF86825EDC2E80033CA28 /* Build configuration list for PBXProject "MBL" */ = {
			isa = XCConfigurationList;
			buildConfigurations = (
				2DEAF87225EDC2E80033CA28 /* Debug */,
				2DEAF87325EDC2E80033CA28 /* Release */,
			);
			defaultConfigurationIsVisible = 0;
			defaultConfigurationName = Release;
		};
		2DEAF87425EDC2E80033CA28 /* Build configuration list for PBXNativeTarget "MBL" */ = {
			isa = XCConfigurationList;
			buildConfigurations = (
				2DEAF87525EDC2E80033CA28 /* Debug */,
				2DEAF87625EDC2E80033CA28 /* Release */,
			);
			defaultConfigurationIsVisible = 0;
			defaultConfigurationName = Release;
		};
/* End XCConfigurationList section */

/* Begin XCRemoteSwiftPackageReference section */
		2DEAF88225EDC3FF0033CA28 /* XCRemoteSwiftPackageReference "swift-tagged" */ = {
			isa = XCRemoteSwiftPackageReference;
			repositoryURL = "https://github.com/pointfreeco/swift-tagged";
			requirement = {
				kind = upToNextMajorVersion;
				minimumVersion = 0.5.0;
			};
		};
/* End XCRemoteSwiftPackageReference section */

/* Begin XCSwiftPackageProductDependency section */
		2D33E3BB25F416EC00C59B54 /* Tagged */ = {
			isa = XCSwiftPackageProductDependency;
			package = 2DEAF88225EDC3FF0033CA28 /* XCRemoteSwiftPackageReference "swift-tagged" */;
			productName = Tagged;
		};
/* End XCSwiftPackageProductDependency section */
	};
	rootObject = 2DEAF86525EDC2E80033CA28 /* Project object */;
}
