// !$*UTF8*$!
{
	archiveVersion = 1;
	classes = {
	};
	objectVersion = 52;
	objects = {

/* Begin PBXBuildFile section */
		2DEAF87125EDC2E80033CA28 /* main.swift in Sources */ = {isa = PBXBuildFile; fileRef = 2DEAF87025EDC2E80033CA28 /* main.swift */; };
		2DEAF87925EDC31A0033CA28 /* Expr.swift in Sources */ = {isa = PBXBuildFile; fileRef = 2DEAF87825EDC31A0033CA28 /* Expr.swift */; };
		2DEAF87D25EDC3660033CA28 /* Compiler.swift in Sources */ = {isa = PBXBuildFile; fileRef = 2DEAF87C25EDC3660033CA28 /* Compiler.swift */; };
		2DEAF88025EDC3760033CA28 /* Value.swift in Sources */ = {isa = PBXBuildFile; fileRef = 2DEAF87F25EDC3760033CA28 /* Value.swift */; };
		2DEAF88425EDC3FF0033CA28 /* Tagged in Frameworks */ = {isa = PBXBuildFile; productRef = 2DEAF88325EDC3FF0033CA28 /* Tagged */; };
		2DEAF88825EDC42E0033CA28 /* Tokenizer.swift in Sources */ = {isa = PBXBuildFile; fileRef = 2DEAF88725EDC42E0033CA28 /* Tokenizer.swift */; };
		2DEAF88B25EDC4350033CA28 /* Parser.swift in Sources */ = {isa = PBXBuildFile; fileRef = 2DEAF88A25EDC4350033CA28 /* Parser.swift */; };
		2DEAF88E25EDC4500033CA28 /* Unify.swift in Sources */ = {isa = PBXBuildFile; fileRef = 2DEAF88D25EDC4500033CA28 /* Unify.swift */; };
		2DEAF89125EDC4890033CA28 /* Type.swift in Sources */ = {isa = PBXBuildFile; fileRef = 2DEAF89025EDC4890033CA28 /* Type.swift */; };
		2DEAF89425EDC61A0033CA28 /* Inst.swift in Sources */ = {isa = PBXBuildFile; fileRef = 2DEAF89325EDC61A0033CA28 /* Inst.swift */; };
		2DEAF89725EDC6830033CA28 /* VM.swift in Sources */ = {isa = PBXBuildFile; fileRef = 2DEAF89625EDC6830033CA28 /* VM.swift */; };
		2DEAF89A25EDC6A20033CA28 /* Stack.swift in Sources */ = {isa = PBXBuildFile; fileRef = 2DEAF89925EDC6A20033CA28 /* Stack.swift */; };
		2DEAF89F25EDC9080033CA28 /* Infer.swift in Sources */ = {isa = PBXBuildFile; fileRef = 2DEAF89E25EDC9080033CA28 /* Infer.swift */; };
/* End PBXBuildFile section */

/* Begin PBXCopyFilesBuildPhase section */
		2DEAF86B25EDC2E80033CA28 /* CopyFiles */ = {
			isa = PBXCopyFilesBuildPhase;
			buildActionMask = 2147483647;
			dstPath = /usr/share/man/man1/;
			dstSubfolderSpec = 0;
			files = (
			);
			runOnlyForDeploymentPostprocessing = 1;
		};
/* End PBXCopyFilesBuildPhase section */

/* Begin PBXFileReference section */
		2DEAF86D25EDC2E80033CA28 /* MBL */ = {isa = PBXFileReference; explicitFileType = "compiled.mach-o.executable"; includeInIndex = 0; path = MBL; sourceTree = BUILT_PRODUCTS_DIR; };
		2DEAF87025EDC2E80033CA28 /* main.swift */ = {isa = PBXFileReference; lastKnownFileType = sourcecode.swift; path = main.swift; sourceTree = "<group>"; };
		2DEAF87825EDC31A0033CA28 /* Expr.swift */ = {isa = PBXFileReference; lastKnownFileType = sourcecode.swift; path = Expr.swift; sourceTree = "<group>"; };
		2DEAF87C25EDC3660033CA28 /* Compiler.swift */ = {isa = PBXFileReference; lastKnownFileType = sourcecode.swift; path = Compiler.swift; sourceTree = "<group>"; };
		2DEAF87F25EDC3760033CA28 /* Value.swift */ = {isa = PBXFileReference; lastKnownFileType = sourcecode.swift; path = Value.swift; sourceTree = "<group>"; };
		2DEAF88725EDC42E0033CA28 /* Tokenizer.swift */ = {isa = PBXFileReference; lastKnownFileType = sourcecode.swift; path = Tokenizer.swift; sourceTree = "<group>"; };
		2DEAF88A25EDC4350033CA28 /* Parser.swift */ = {isa = PBXFileReference; lastKnownFileType = sourcecode.swift; path = Parser.swift; sourceTree = "<group>"; };
		2DEAF88D25EDC4500033CA28 /* Unify.swift */ = {isa = PBXFileReference; lastKnownFileType = sourcecode.swift; path = Unify.swift; sourceTree = "<group>"; };
		2DEAF89025EDC4890033CA28 /* Type.swift */ = {isa = PBXFileReference; lastKnownFileType = sourcecode.swift; path = Type.swift; sourceTree = "<group>"; };
		2DEAF89325EDC61A0033CA28 /* Inst.swift */ = {isa = PBXFileReference; lastKnownFileType = sourcecode.swift; path = Inst.swift; sourceTree = "<group>"; };
		2DEAF89625EDC6830033CA28 /* VM.swift */ = {isa = PBXFileReference; lastKnownFileType = sourcecode.swift; path = VM.swift; sourceTree = "<group>"; };
		2DEAF89925EDC6A20033CA28 /* Stack.swift */ = {isa = PBXFileReference; lastKnownFileType = sourcecode.swift; path = Stack.swift; sourceTree = "<group>"; };
		2DEAF89E25EDC9080033CA28 /* Infer.swift */ = {isa = PBXFileReference; lastKnownFileType = sourcecode.swift; path = Infer.swift; sourceTree = "<group>"; };
/* End PBXFileReference section */

/* Begin PBXFrameworksBuildPhase section */
		2DEAF86A25EDC2E80033CA28 /* Frameworks */ = {
			isa = PBXFrameworksBuildPhase;
			buildActionMask = 2147483647;
			files = (
				2DEAF88425EDC3FF0033CA28 /* Tagged in Frameworks */,
			);
			runOnlyForDeploymentPostprocessing = 0;
		};
/* End PBXFrameworksBuildPhase section */

/* Begin PBXGroup section */
		2DEAF86425EDC2E80033CA28 = {
			isa = PBXGroup;
			children = (
				2DEAF86F25EDC2E80033CA28 /* MBL */,
				2DEAF86E25EDC2E80033CA28 /* Products */,
			);
			sourceTree = "<group>";
		};
		2DEAF86E25EDC2E80033CA28 /* Products */ = {
			isa = PBXGroup;
			children = (
				2DEAF86D25EDC2E80033CA28 /* MBL */,
			);
			name = Products;
			sourceTree = "<group>";
		};
		2DEAF86F25EDC2E80033CA28 /* MBL */ = {
			isa = PBXGroup;
			children = (
				2DEAF89D25EDC8FB0033CA28 /* Inference */,
				2DEAF87025EDC2E80033CA28 /* main.swift */,
				2DEAF87825EDC31A0033CA28 /* Expr.swift */,
				2DEAF87F25EDC3760033CA28 /* Value.swift */,
				2DEAF87C25EDC3660033CA28 /* Compiler.swift */,
				2DEAF88725EDC42E0033CA28 /* Tokenizer.swift */,
				2DEAF88A25EDC4350033CA28 /* Parser.swift */,
				2DEAF89025EDC4890033CA28 /* Type.swift */,
				2DEAF89325EDC61A0033CA28 /* Inst.swift */,
				2DEAF89625EDC6830033CA28 /* VM.swift */,
				2DEAF89925EDC6A20033CA28 /* Stack.swift */,
			);
			path = MBL;
			sourceTree = "<group>";
		};
		2DEAF89D25EDC8FB0033CA28 /* Inference */ = {
			isa = PBXGroup;
			children = (
				2DEAF88D25EDC4500033CA28 /* Unify.swift */,
				2DEAF89E25EDC9080033CA28 /* Infer.swift */,
			);
			path = Inference;
			sourceTree = "<group>";
		};
/* End PBXGroup section */

/* Begin PBXNativeTarget section */
		2DEAF86C25EDC2E80033CA28 /* MBL */ = {
			isa = PBXNativeTarget;
			buildConfigurationList = 2DEAF87425EDC2E80033CA28 /* Build configuration list for PBXNativeTarget "MBL" */;
			buildPhases = (
				2DEAF86925EDC2E80033CA28 /* Sources */,
				2DEAF86A25EDC2E80033CA28 /* Frameworks */,
				2DEAF86B25EDC2E80033CA28 /* CopyFiles */,
			);
			buildRules = (
			);
			dependencies = (
			);
			name = MBL;
			packageProductDependencies = (
				2DEAF88325EDC3FF0033CA28 /* Tagged */,
			);
			productName = MBL;
			productReference = 2DEAF86D25EDC2E80033CA28 /* MBL */;
			productType = "com.apple.product-type.tool";
		};
/* End PBXNativeTarget section */

/* Begin PBXProject section */
		2DEAF86525EDC2E80033CA28 /* Project object */ = {
			isa = PBXProject;
			attributes = {
				LastSwiftUpdateCheck = 1240;
				LastUpgradeCheck = 1240;
				TargetAttributes = {
					2DEAF86C25EDC2E80033CA28 = {
						CreatedOnToolsVersion = 12.4;
					};
				};
			};
			buildConfigurationList = 2DEAF86825EDC2E80033CA28 /* Build configuration list for PBXProject "MBL" */;
			compatibilityVersion = "Xcode 9.3";
			developmentRegion = en;
			hasScannedForEncodings = 0;
			knownRegions = (
				en,
				Base,
			);
			mainGroup = 2DEAF86425EDC2E80033CA28;
			packageReferences = (
				2DEAF88225EDC3FF0033CA28 /* XCRemoteSwiftPackageReference "swift-tagged" */,
			);
			productRefGroup = 2DEAF86E25EDC2E80033CA28 /* Products */;
			projectDirPath = "";
			projectRoot = "";
			targets = (
				2DEAF86C25EDC2E80033CA28 /* MBL */,
			);
		};
/* End PBXProject section */

/* Begin PBXSourcesBuildPhase section */
		2DEAF86925EDC2E80033CA28 /* Sources */ = {
			isa = PBXSourcesBuildPhase;
			buildActionMask = 2147483647;
			files = (
				2DEAF87D25EDC3660033CA28 /* Compiler.swift in Sources */,
				2DEAF88825EDC42E0033CA28 /* Tokenizer.swift in Sources */,
				2DEAF89F25EDC9080033CA28 /* Infer.swift in Sources */,
				2DEAF88E25EDC4500033CA28 /* Unify.swift in Sources */,
				2DEAF88B25EDC4350033CA28 /* Parser.swift in Sources */,
				2DEAF87925EDC31A0033CA28 /* Expr.swift in Sources */,
				2DEAF89A25EDC6A20033CA28 /* Stack.swift in Sources */,
				2DEAF89425EDC61A0033CA28 /* Inst.swift in Sources */,
				2DEAF87125EDC2E80033CA28 /* main.swift in Sources */,
				2DEAF88025EDC3760033CA28 /* Value.swift in Sources */,
				2DEAF89725EDC6830033CA28 /* VM.swift in Sources */,
				2DEAF89125EDC4890033CA28 /* Type.swift in Sources */,
			);
			runOnlyForDeploymentPostprocessing = 0;
		};
/* End PBXSourcesBuildPhase section */

/* Begin XCBuildConfiguration section */
		2DEAF87225EDC2E80033CA28 /* Debug */ = {
			isa = XCBuildConfiguration;
			buildSettings = {
				ALWAYS_SEARCH_USER_PATHS = NO;
				CLANG_ANALYZER_NONNULL = YES;
				CLANG_ANALYZER_NUMBER_OBJECT_CONVERSION = YES_AGGRESSIVE;
				CLANG_CXX_LANGUAGE_STANDARD = "gnu++14";
				CLANG_CXX_LIBRARY = "libc++";
				CLANG_ENABLE_MODULES = YES;
				CLANG_ENABLE_OBJC_ARC = YES;
				CLANG_ENABLE_OBJC_WEAK = YES;
				CLANG_WARN_BLOCK_CAPTURE_AUTORELEASING = YES;
				CLANG_WARN_BOOL_CONVERSION = YES;
				CLANG_WARN_COMMA = YES;
				CLANG_WARN_CONSTANT_CONVERSION = YES;
				CLANG_WARN_DEPRECATED_OBJC_IMPLEMENTATIONS = YES;
				CLANG_WARN_DIRECT_OBJC_ISA_USAGE = YES_ERROR;
				CLANG_WARN_DOCUMENTATION_COMMENTS = YES;
				CLANG_WARN_EMPTY_BODY = YES;
				CLANG_WARN_ENUM_CONVERSION = YES;
				CLANG_WARN_INFINITE_RECURSION = YES;
				CLANG_WARN_INT_CONVERSION = YES;
				CLANG_WARN_NON_LITERAL_NULL_CONVERSION = YES;
				CLANG_WARN_OBJC_IMPLICIT_RETAIN_SELF = YES;
				CLANG_WARN_OBJC_LITERAL_CONVERSION = YES;
				CLANG_WARN_OBJC_ROOT_CLASS = YES_ERROR;
				CLANG_WARN_QUOTED_INCLUDE_IN_FRAMEWORK_HEADER = YES;
				CLANG_WARN_RANGE_LOOP_ANALYSIS = YES;
				CLANG_WARN_STRICT_PROTOTYPES = YES;
				CLANG_WARN_SUSPICIOUS_MOVE = YES;
				CLANG_WARN_UNGUARDED_AVAILABILITY = YES_AGGRESSIVE;
				CLANG_WARN_UNREACHABLE_CODE = YES;
				CLANG_WARN__DUPLICATE_METHOD_MATCH = YES;
				COPY_PHASE_STRIP = NO;
				DEBUG_INFORMATION_FORMAT = dwarf;
				ENABLE_STRICT_OBJC_MSGSEND = YES;
				ENABLE_TESTABILITY = YES;
				GCC_C_LANGUAGE_STANDARD = gnu11;
				GCC_DYNAMIC_NO_PIC = NO;
				GCC_NO_COMMON_BLOCKS = YES;
				GCC_OPTIMIZATION_LEVEL = 0;
				GCC_PREPROCESSOR_DEFINITIONS = (
					"DEBUG=1",
					"$(inherited)",
				);
				GCC_WARN_64_TO_32_BIT_CONVERSION = YES;
				GCC_WARN_ABOUT_RETURN_TYPE = YES_ERROR;
				GCC_WARN_UNDECLARED_SELECTOR = YES;
				GCC_WARN_UNINITIALIZED_AUTOS = YES_AGGRESSIVE;
				GCC_WARN_UNUSED_FUNCTION = YES;
				GCC_WARN_UNUSED_VARIABLE = YES;
				MACOSX_DEPLOYMENT_TARGET = 11.1;
				MTL_ENABLE_DEBUG_INFO = INCLUDE_SOURCE;
				MTL_FAST_MATH = YES;
				ONLY_ACTIVE_ARCH = YES;
				SDKROOT = macosx;
				SWIFT_ACTIVE_COMPILATION_CONDITIONS = DEBUG;
				SWIFT_OPTIMIZATION_LEVEL = "-Onone";
			};
			name = Debug;
		};
		2DEAF87325EDC2E80033CA28 /* Release */ = {
			isa = XCBuildConfiguration;
			buildSettings = {
				ALWAYS_SEARCH_USER_PATHS = NO;
				CLANG_ANALYZER_NONNULL = YES;
				CLANG_ANALYZER_NUMBER_OBJECT_CONVERSION = YES_AGGRESSIVE;
				CLANG_CXX_LANGUAGE_STANDARD = "gnu++14";
				CLANG_CXX_LIBRARY = "libc++";
				CLANG_ENABLE_MODULES = YES;
				CLANG_ENABLE_OBJC_ARC = YES;
				CLANG_ENABLE_OBJC_WEAK = YES;
				CLANG_WARN_BLOCK_CAPTURE_AUTORELEASING = YES;
				CLANG_WARN_BOOL_CONVERSION = YES;
				CLANG_WARN_COMMA = YES;
				CLANG_WARN_CONSTANT_CONVERSION = YES;
				CLANG_WARN_DEPRECATED_OBJC_IMPLEMENTATIONS = YES;
				CLANG_WARN_DIRECT_OBJC_ISA_USAGE = YES_ERROR;
				CLANG_WARN_DOCUMENTATION_COMMENTS = YES;
				CLANG_WARN_EMPTY_BODY = YES;
				CLANG_WARN_ENUM_CONVERSION = YES;
				CLANG_WARN_INFINITE_RECURSION = YES;
				CLANG_WARN_INT_CONVERSION = YES;
				CLANG_WARN_NON_LITERAL_NULL_CONVERSION = YES;
				CLANG_WARN_OBJC_IMPLICIT_RETAIN_SELF = YES;
				CLANG_WARN_OBJC_LITERAL_CONVERSION = YES;
				CLANG_WARN_OBJC_ROOT_CLASS = YES_ERROR;
				CLANG_WARN_QUOTED_INCLUDE_IN_FRAMEWORK_HEADER = YES;
				CLANG_WARN_RANGE_LOOP_ANALYSIS = YES;
				CLANG_WARN_STRICT_PROTOTYPES = YES;
				CLANG_WARN_SUSPICIOUS_MOVE = YES;
				CLANG_WARN_UNGUARDED_AVAILABILITY = YES_AGGRESSIVE;
				CLANG_WARN_UNREACHABLE_CODE = YES;
				CLANG_WARN__DUPLICATE_METHOD_MATCH = YES;
				COPY_PHASE_STRIP = NO;
				DEBUG_INFORMATION_FORMAT = "dwarf-with-dsym";
				ENABLE_NS_ASSERTIONS = NO;
				ENABLE_STRICT_OBJC_MSGSEND = YES;
				GCC_C_LANGUAGE_STANDARD = gnu11;
				GCC_NO_COMMON_BLOCKS = YES;
				GCC_WARN_64_TO_32_BIT_CONVERSION = YES;
				GCC_WARN_ABOUT_RETURN_TYPE = YES_ERROR;
				GCC_WARN_UNDECLARED_SELECTOR = YES;
				GCC_WARN_UNINITIALIZED_AUTOS = YES_AGGRESSIVE;
				GCC_WARN_UNUSED_FUNCTION = YES;
				GCC_WARN_UNUSED_VARIABLE = YES;
				MACOSX_DEPLOYMENT_TARGET = 11.1;
				MTL_ENABLE_DEBUG_INFO = NO;
				MTL_FAST_MATH = YES;
				SDKROOT = macosx;
				SWIFT_COMPILATION_MODE = wholemodule;
				SWIFT_OPTIMIZATION_LEVEL = "-O";
			};
			name = Release;
		};
		2DEAF87525EDC2E80033CA28 /* Debug */ = {
			isa = XCBuildConfiguration;
			buildSettings = {
				CODE_SIGN_STYLE = Automatic;
				DEVELOPMENT_TEAM = 2FRWKWHVQR;
				ENABLE_HARDENED_RUNTIME = YES;
				MACOSX_DEPLOYMENT_TARGET = 10.15;
				PRODUCT_NAME = "$(TARGET_NAME)";
				SWIFT_VERSION = 5.0;
			};
			name = Debug;
		};
		2DEAF87625EDC2E80033CA28 /* Release */ = {
			isa = XCBuildConfiguration;
			buildSettings = {
				CODE_SIGN_STYLE = Automatic;
				DEVELOPMENT_TEAM = 2FRWKWHVQR;
				ENABLE_HARDENED_RUNTIME = YES;
				MACOSX_DEPLOYMENT_TARGET = 10.15;
				PRODUCT_NAME = "$(TARGET_NAME)";
				SWIFT_VERSION = 5.0;
			};
			name = Release;
		};
/* End XCBuildConfiguration section */

/* Begin XCConfigurationList section */
		2DEAF86825EDC2E80033CA28 /* Build configuration list for PBXProject "MBL" */ = {
			isa = XCConfigurationList;
			buildConfigurations = (
				2DEAF87225EDC2E80033CA28 /* Debug */,
				2DEAF87325EDC2E80033CA28 /* Release */,
			);
			defaultConfigurationIsVisible = 0;
			defaultConfigurationName = Release;
		};
		2DEAF87425EDC2E80033CA28 /* Build configuration list for PBXNativeTarget "MBL" */ = {
			isa = XCConfigurationList;
			buildConfigurations = (
				2DEAF87525EDC2E80033CA28 /* Debug */,
				2DEAF87625EDC2E80033CA28 /* Release */,
			);
			defaultConfigurationIsVisible = 0;
			defaultConfigurationName = Release;
		};
/* End XCConfigurationList section */

/* Begin XCRemoteSwiftPackageReference section */
		2DEAF88225EDC3FF0033CA28 /* XCRemoteSwiftPackageReference "swift-tagged" */ = {
			isa = XCRemoteSwiftPackageReference;
			repositoryURL = "https://github.com/pointfreeco/swift-tagged";
			requirement = {
				kind = upToNextMajorVersion;
				minimumVersion = 0.5.0;
			};
		};
/* End XCRemoteSwiftPackageReference section */

/* Begin XCSwiftPackageProductDependency section */
		2DEAF88325EDC3FF0033CA28 /* Tagged */ = {
			isa = XCSwiftPackageProductDependency;
			package = 2DEAF88225EDC3FF0033CA28 /* XCRemoteSwiftPackageReference "swift-tagged" */;
			productName = Tagged;
		};
/* End XCSwiftPackageProductDependency section */
	};
	rootObject = 2DEAF86525EDC2E80033CA28 /* Project object */;
}
